// !$*UTF8*$!
{
	archiveVersion = 1;
	classes = {
	};
	objectVersion = 77;
	objects = {

/* Begin PBXBuildFile section */
		EB126FE32D6CE23500FC1BE6 /* NotificationScheduler.swift in Sources */ = {isa = PBXBuildFile; fileRef = EB126FE22D6CE23500FC1BE6 /* NotificationScheduler.swift */; };
		EB126FE72D6CF3D200FC1BE6 /* ConfigurationView.swift in Sources */ = {isa = PBXBuildFile; fileRef = EB126FE42D6CF3D200FC1BE6 /* ConfigurationView.swift */; };
		EB1763FB2D7B86430016A8C1 /* NotificationManager.swift in Sources */ = {isa = PBXBuildFile; fileRef = EB1763FA2D7B863C0016A8C1 /* NotificationManager.swift */; };
		EB1763FC2D7B86430016A8C1 /* NotificationManager.swift in Sources */ = {isa = PBXBuildFile; fileRef = EB1763FA2D7B863C0016A8C1 /* NotificationManager.swift */; };
		EB1763FE2D7B924C0016A8C1 /* FirebaseFirestore in Frameworks */ = {isa = PBXBuildFile; productRef = EB1763FD2D7B924C0016A8C1 /* FirebaseFirestore */; };
		EB1764022D7F23CC0016A8C1 /* EmployeeLocationViewModel.swift in Sources */ = {isa = PBXBuildFile; fileRef = EB1764002D7F23CC0016A8C1 /* EmployeeLocationViewModel.swift */; };
		EB1764032D7F23CC0016A8C1 /* TimeRecordsViewModel.swift in Sources */ = {isa = PBXBuildFile; fileRef = EB1764012D7F23CC0016A8C1 /* TimeRecordsViewModel.swift */; };
		EB1764042D7F23CC0016A8C1 /* EmployeeDetailViewModel.swift in Sources */ = {isa = PBXBuildFile; fileRef = EB1763FF2D7F23CC0016A8C1 /* EmployeeDetailViewModel.swift */; };
		EB1764052D7F23CC0016A8C1 /* EmployeeLocationViewModel.swift in Sources */ = {isa = PBXBuildFile; fileRef = EB1764002D7F23CC0016A8C1 /* EmployeeLocationViewModel.swift */; };
		EB1764062D7F23CC0016A8C1 /* TimeRecordsViewModel.swift in Sources */ = {isa = PBXBuildFile; fileRef = EB1764012D7F23CC0016A8C1 /* TimeRecordsViewModel.swift */; };
		EB1764072D7F23CC0016A8C1 /* EmployeeDetailViewModel.swift in Sources */ = {isa = PBXBuildFile; fileRef = EB1763FF2D7F23CC0016A8C1 /* EmployeeDetailViewModel.swift */; };
		EB1764092D7F2D910016A8C1 /* EmployeeLocation.swift in Sources */ = {isa = PBXBuildFile; fileRef = EB1764082D7F2D8E0016A8C1 /* EmployeeLocation.swift */; };
		EB17640A2D7F2D910016A8C1 /* EmployeeLocation.swift in Sources */ = {isa = PBXBuildFile; fileRef = EB1764082D7F2D8E0016A8C1 /* EmployeeLocation.swift */; };
		EB345D162CF6A493001A62C8 /* RecordModel.swift in Sources */ = {isa = PBXBuildFile; fileRef = EB345D152CF6A47B001A62C8 /* RecordModel.swift */; };
		EB345D182CF6DBB1001A62C8 /* JsonServices.swift in Sources */ = {isa = PBXBuildFile; fileRef = EB345D172CF6DB9F001A62C8 /* JsonServices.swift */; };
		EB345D1A2CF74DA8001A62C8 /* Utils.swift in Sources */ = {isa = PBXBuildFile; fileRef = EB345D192CF74D9D001A62C8 /* Utils.swift */; };
		EB345D212CF781ED001A62C8 /* UserModel.swift in Sources */ = {isa = PBXBuildFile; fileRef = EB345D202CF781E7001A62C8 /* UserModel.swift */; };
		EB3665F12D066DCE00810713 /* Localizable.strings in Resources */ = {isa = PBXBuildFile; fileRef = EB3665F02D066DB600810713 /* Localizable.strings */; };
		EB3665FF2D08000600810713 /* EmployeeCodable.swift in Sources */ = {isa = PBXBuildFile; fileRef = EB3665FE2D08000600810713 /* EmployeeCodable.swift */; };
		EB3666362D15E81000810713 /* APIService.swift in Sources */ = {isa = PBXBuildFile; fileRef = EB3666352D15E81000810713 /* APIService.swift */; };
		EB3666472D15F1C800810713 /* RecordViewModel.swift in Sources */ = {isa = PBXBuildFile; fileRef = EB3666452D15F1C800810713 /* RecordViewModel.swift */; };
		EB36666E2D16029B00810713 /* LoadingState.swift in Sources */ = {isa = PBXBuildFile; fileRef = EB36666C2D16029B00810713 /* LoadingState.swift */; };
		EB36666F2D16029B00810713 /* RecordData.swift in Sources */ = {isa = PBXBuildFile; fileRef = EB36666D2D16029B00810713 /* RecordData.swift */; };
		EB36667C2D55A33300810713 /* RecordResponse.swift in Sources */ = {isa = PBXBuildFile; fileRef = EB3666772D55A33300810713 /* RecordResponse.swift */; };
		EB36667D2D55A33300810713 /* LoginResponse.swift in Sources */ = {isa = PBXBuildFile; fileRef = EB3666752D55A33300810713 /* LoginResponse.swift */; };
		EB36667E2D55A33300810713 /* WorkTimeResponse.swift in Sources */ = {isa = PBXBuildFile; fileRef = EB3666782D55A33300810713 /* WorkTimeResponse.swift */; };
		EB3666812D55A3BF00810713 /* Migration.swift in Sources */ = {isa = PBXBuildFile; fileRef = EB36667F2D55A3BF00810713 /* Migration.swift */; };
		EB44DB302CFE00410070B827 /* NetworkManager.swift in Sources */ = {isa = PBXBuildFile; fileRef = EB44DB2F2CFE00340070B827 /* NetworkManager.swift */; };
		EB44DB392CFE4D800070B827 /* NetworkListDetails.swift in Sources */ = {isa = PBXBuildFile; fileRef = EB44DB382CFE4D680070B827 /* NetworkListDetails.swift */; };
		EB44DB5B2CFECF170070B827 /* DeviceLocations.swift in Sources */ = {isa = PBXBuildFile; fileRef = EB44DB5A2CFECF090070B827 /* DeviceLocations.swift */; };
		EB44DB5D2CFF3F3D0070B827 /* WorkEntryDetails.swift in Sources */ = {isa = PBXBuildFile; fileRef = EB44DB5C2CFF3F290070B827 /* WorkEntryDetails.swift */; };
		EB44DB612CFF40730070B827 /* Employee.swift in Sources */ = {isa = PBXBuildFile; fileRef = EB44DB602CFF406C0070B827 /* Employee.swift */; };
		EB44DB632CFF40C20070B827 /* Project.swift in Sources */ = {isa = PBXBuildFile; fileRef = EB44DB622CFF40BD0070B827 /* Project.swift */; };
		EB44DB652CFF427F0070B827 /* Sysconf.swift in Sources */ = {isa = PBXBuildFile; fileRef = EB44DB642CFF42780070B827 /* Sysconf.swift */; };
		EB44DB672CFF6D680070B827 /* NetworkListTotal.swift in Sources */ = {isa = PBXBuildFile; fileRef = EB44DB662CFF6D680070B827 /* NetworkListTotal.swift */; };
		EB44DB692CFF6F080070B827 /* TotalWorkEntry.swift in Sources */ = {isa = PBXBuildFile; fileRef = EB44DB682CFF6EF80070B827 /* TotalWorkEntry.swift */; };
		EB44DBA12D0309C50070B827 /* APIServiceRecord.swift in Sources */ = {isa = PBXBuildFile; fileRef = EB44DBA02D0309C20070B827 /* APIServiceRecord.swift */; };
		EB6400D02D62D9E9000CA007 /* PDFView.swift in Sources */ = {isa = PBXBuildFile; fileRef = EB6400CF2D62D9E9000CA007 /* PDFView.swift */; };
		EB6F03A22CEE172500190C0E /* Endpoints.swift in Sources */ = {isa = PBXBuildFile; fileRef = EB6F03A12CEE171300190C0E /* Endpoints.swift */; };
		EB83A1542C6A6A3300E7D361 /* SplashView.swift in Sources */ = {isa = PBXBuildFile; fileRef = EB83A1532C6A6A3300E7D361 /* SplashView.swift */; };
		EB83A1B42C6BA23500E7D361 /* AppDelegate.swift in Sources */ = {isa = PBXBuildFile; fileRef = EB83A1B32C6BA23500E7D361 /* AppDelegate.swift */; };
		EB84DB8D2D68E52A0062D13B /* FirebaseCore in Frameworks */ = {isa = PBXBuildFile; productRef = EB84DB8C2D68E52A0062D13B /* FirebaseCore */; };
		EB90F79B2D68CBAF00684251 /* FirebaseMessaging in Frameworks */ = {isa = PBXBuildFile; productRef = EB90F79A2D68CBAF00684251 /* FirebaseMessaging */; };
		EBA23F9C2D7786CB00DAB27D /* LogScreen.swift in Sources */ = {isa = PBXBuildFile; fileRef = EBA23F9B2D7786BC00DAB27D /* LogScreen.swift */; };
		EBA23F9D2D7786CB00DAB27D /* LogScreen.swift in Sources */ = {isa = PBXBuildFile; fileRef = EBA23F9B2D7786BC00DAB27D /* LogScreen.swift */; };
		EBADECB32D71347A00B56617 /* EmployeesViewModel.swift in Sources */ = {isa = PBXBuildFile; fileRef = EBADECB22D71346A00B56617 /* EmployeesViewModel.swift */; };
		EBBC930F2C512EBB00F3C8CD /* QGSApp.swift in Sources */ = {isa = PBXBuildFile; fileRef = EBBC930E2C512EBB00F3C8CD /* QGSApp.swift */; };
		EBBC93132C512EBC00F3C8CD /* Assets.xcassets in Resources */ = {isa = PBXBuildFile; fileRef = EBBC93122C512EBC00F3C8CD /* Assets.xcassets */; };
		EBBC93162C512EBC00F3C8CD /* Preview Assets.xcassets in Resources */ = {isa = PBXBuildFile; fileRef = EBBC93152C512EBC00F3C8CD /* Preview Assets.xcassets */; };
		EBBC93202C512EBC00F3C8CD /* QGSTests.swift in Sources */ = {isa = PBXBuildFile; fileRef = EBBC931F2C512EBC00F3C8CD /* QGSTests.swift */; };
		EBBC932A2C512EBC00F3C8CD /* QGSUITests.swift in Sources */ = {isa = PBXBuildFile; fileRef = EBBC93292C512EBC00F3C8CD /* QGSUITests.swift */; };
		EBBC932C2C512EBC00F3C8CD /* QGSUITestsLaunchTests.swift in Sources */ = {isa = PBXBuildFile; fileRef = EBBC932B2C512EBC00F3C8CD /* QGSUITestsLaunchTests.swift */; };
		EBBC93392C51336400F3C8CD /* Colors.swift in Sources */ = {isa = PBXBuildFile; fileRef = EBBC93382C51336400F3C8CD /* Colors.swift */; };
		EBBC933C2C515E9400F3C8CD /* Login.swift in Sources */ = {isa = PBXBuildFile; fileRef = EBBC933B2C515E9400F3C8CD /* Login.swift */; };
		EBBC933F2C515FC100F3C8CD /* View+extensions.swift in Sources */ = {isa = PBXBuildFile; fileRef = EBBC933E2C515FC100F3C8CD /* View+extensions.swift */; };
		EBBC93412C5161CD00F3C8CD /* CustomTF.swift in Sources */ = {isa = PBXBuildFile; fileRef = EBBC93402C5161CD00F3C8CD /* CustomTF.swift */; };
		EBBEB46F2D67A24E005B9AEA /* LocationError.swift in Sources */ = {isa = PBXBuildFile; fileRef = EBBEB46A2D67A24E005B9AEA /* LocationError.swift */; };
		EBBEB4702D67A24E005B9AEA /* APIError.swift in Sources */ = {isa = PBXBuildFile; fileRef = EBBEB4692D67A24E005B9AEA /* APIError.swift */; };
		EBBEB4712D67A24E005B9AEA /* NetworkLocalizedError.swift in Sources */ = {isa = PBXBuildFile; fileRef = EBBEB46C2D67A24E005B9AEA /* NetworkLocalizedError.swift */; };
		EBBEB4722D67A24E005B9AEA /* APITimeRecords.swift in Sources */ = {isa = PBXBuildFile; fileRef = EBBEB4682D67A24E005B9AEA /* APITimeRecords.swift */; };
		EBBEB4732D67A24E005B9AEA /* NetworkError.swift in Sources */ = {isa = PBXBuildFile; fileRef = EBBEB46B2D67A24E005B9AEA /* NetworkError.swift */; };
		EBBEB4742D67A24E005B9AEA /* LocationManager.swift in Sources */ = {isa = PBXBuildFile; fileRef = EBBEB46E2D67A24E005B9AEA /* LocationManager.swift */; };
		EBBEB4782D67A424005B9AEA /* TimeRecord.swift in Sources */ = {isa = PBXBuildFile; fileRef = EBBEB4762D67A424005B9AEA /* TimeRecord.swift */; };
		EBBEB47A2D67A622005B9AEA /* TimeRecordsView.swift in Sources */ = {isa = PBXBuildFile; fileRef = EBBEB4792D67A622005B9AEA /* TimeRecordsView.swift */; };
		EBBEB47F2D68AD78005B9AEA /* FirebaseAnalytics in Frameworks */ = {isa = PBXBuildFile; productRef = EBBEB47E2D68AD78005B9AEA /* FirebaseAnalytics */; };
		EBBEB4812D68AD78005B9AEA /* FirebaseAnalyticsOnDeviceConversion in Frameworks */ = {isa = PBXBuildFile; productRef = EBBEB4802D68AD78005B9AEA /* FirebaseAnalyticsOnDeviceConversion */; };
		EBBEB4832D68AD78005B9AEA /* FirebaseAnalyticsWithoutAdIdSupport in Frameworks */ = {isa = PBXBuildFile; productRef = EBBEB4822D68AD78005B9AEA /* FirebaseAnalyticsWithoutAdIdSupport */; };
		EBBEB4852D68AD78005B9AEA /* FirebaseAppCheck in Frameworks */ = {isa = PBXBuildFile; productRef = EBBEB4842D68AD78005B9AEA /* FirebaseAppCheck */; };
		EBBEB4872D68AD78005B9AEA /* FirebaseAppDistribution-Beta in Frameworks */ = {isa = PBXBuildFile; productRef = EBBEB4862D68AD78005B9AEA /* FirebaseAppDistribution-Beta */; };
		EBBEB4892D68B3AA005B9AEA /* GoogleService-Info.plist in Sources */ = {isa = PBXBuildFile; fileRef = EBBEB4882D68B3A6005B9AEA /* GoogleService-Info.plist */; };
		EBD5316D2D71F941007BF316 /* NetworkManager.swift in Sources */ = {isa = PBXBuildFile; fileRef = EB44DB2F2CFE00340070B827 /* NetworkManager.swift */; };
		EBD5316E2D71F941007BF316 /* LoadingState.swift in Sources */ = {isa = PBXBuildFile; fileRef = EB36666C2D16029B00810713 /* LoadingState.swift */; };
		EBD5316F2D71F941007BF316 /* GoogleService-Info.plist in Sources */ = {isa = PBXBuildFile; fileRef = EBBEB4882D68B3A6005B9AEA /* GoogleService-Info.plist */; };
		EBD531702D71F941007BF316 /* RecordData.swift in Sources */ = {isa = PBXBuildFile; fileRef = EB36666D2D16029B00810713 /* RecordData.swift */; };
		EBD531712D71F941007BF316 /* Colors.swift in Sources */ = {isa = PBXBuildFile; fileRef = EBBC93382C51336400F3C8CD /* Colors.swift */; };
		EBD531722D71F941007BF316 /* NetworkListDetails.swift in Sources */ = {isa = PBXBuildFile; fileRef = EB44DB382CFE4D680070B827 /* NetworkListDetails.swift */; };
		EBD531732D71F941007BF316 /* PDFView.swift in Sources */ = {isa = PBXBuildFile; fileRef = EB6400CF2D62D9E9000CA007 /* PDFView.swift */; };
		EBD531742D71F941007BF316 /* Migration.swift in Sources */ = {isa = PBXBuildFile; fileRef = EB36667F2D55A3BF00810713 /* Migration.swift */; };
		EBD531752D71F941007BF316 /* HomeRecord.swift in Sources */ = {isa = PBXBuildFile; fileRef = EBE614972C5AE4FA00197660 /* HomeRecord.swift */; };
		EBD531762D71F941007BF316 /* Employee.swift in Sources */ = {isa = PBXBuildFile; fileRef = EB44DB602CFF406C0070B827 /* Employee.swift */; };
		EBD531772D71F941007BF316 /* ConfigurationView.swift in Sources */ = {isa = PBXBuildFile; fileRef = EB126FE42D6CF3D200FC1BE6 /* ConfigurationView.swift */; };
		EBD531782D71F941007BF316 /* LocationManager.swift in Sources */ = {isa = PBXBuildFile; fileRef = EBBEB46E2D67A24E005B9AEA /* LocationManager.swift */; };
		EBD531792D71F941007BF316 /* APIServiceRecord.swift in Sources */ = {isa = PBXBuildFile; fileRef = EB44DBA02D0309C20070B827 /* APIServiceRecord.swift */; };
		EBD5317A2D71F941007BF316 /* RecordViewModel.swift in Sources */ = {isa = PBXBuildFile; fileRef = EB3666452D15F1C800810713 /* RecordViewModel.swift */; };
		EBD5317B2D71F941007BF316 /* LocationViewController.swift in Sources */ = {isa = PBXBuildFile; fileRef = EBE614992C5AFA5D00197660 /* LocationViewController.swift */; };
		EBD5317C2D71F941007BF316 /* JsonServices.swift in Sources */ = {isa = PBXBuildFile; fileRef = EB345D172CF6DB9F001A62C8 /* JsonServices.swift */; };
		EBD5317D2D71F941007BF316 /* Utils.swift in Sources */ = {isa = PBXBuildFile; fileRef = EB345D192CF74D9D001A62C8 /* Utils.swift */; };
		EBD5317E2D71F941007BF316 /* CustomTF.swift in Sources */ = {isa = PBXBuildFile; fileRef = EBBC93402C5161CD00F3C8CD /* CustomTF.swift */; };
		EBD5317F2D71F941007BF316 /* HeadSecondary.swift in Sources */ = {isa = PBXBuildFile; fileRef = EBDAF1202D7019630099D03C /* HeadSecondary.swift */; };
		EBD531802D71F941007BF316 /* QGSApp.swift in Sources */ = {isa = PBXBuildFile; fileRef = EBBC930E2C512EBB00F3C8CD /* QGSApp.swift */; };
		EBD531812D71F941007BF316 /* EmployeesViewModel.swift in Sources */ = {isa = PBXBuildFile; fileRef = EBADECB22D71346A00B56617 /* EmployeesViewModel.swift */; };
		EBD531822D71F941007BF316 /* DeviceLocations.swift in Sources */ = {isa = PBXBuildFile; fileRef = EB44DB5A2CFECF090070B827 /* DeviceLocations.swift */; };
		EBD531832D71F941007BF316 /* Sysconf.swift in Sources */ = {isa = PBXBuildFile; fileRef = EB44DB642CFF42780070B827 /* Sysconf.swift */; };
		EBD531842D71F941007BF316 /* APIService.swift in Sources */ = {isa = PBXBuildFile; fileRef = EB3666352D15E81000810713 /* APIService.swift */; };
		EBD531852D71F941007BF316 /* NotificationScheduler.swift in Sources */ = {isa = PBXBuildFile; fileRef = EB126FE22D6CE23500FC1BE6 /* NotificationScheduler.swift */; };
		EBD531862D71F941007BF316 /* Login.swift in Sources */ = {isa = PBXBuildFile; fileRef = EBBC933B2C515E9400F3C8CD /* Login.swift */; };
		EBD531872D71F941007BF316 /* TotalWorkEntry.swift in Sources */ = {isa = PBXBuildFile; fileRef = EB44DB682CFF6EF80070B827 /* TotalWorkEntry.swift */; };
		EBD531882D71F941007BF316 /* Endpoints.swift in Sources */ = {isa = PBXBuildFile; fileRef = EB6F03A12CEE171300190C0E /* Endpoints.swift */; };
		EBD531892D71F941007BF316 /* ListRecordTotals.swift in Sources */ = {isa = PBXBuildFile; fileRef = EBF9DF9E2CED8E38002D7FA1 /* ListRecordTotals.swift */; };
		EBD5318A2D71F941007BF316 /* AppDelegate.swift in Sources */ = {isa = PBXBuildFile; fileRef = EB83A1B32C6BA23500E7D361 /* AppDelegate.swift */; };
		EBD5318B2D71F941007BF316 /* View+extensions.swift in Sources */ = {isa = PBXBuildFile; fileRef = EBBC933E2C515FC100F3C8CD /* View+extensions.swift */; };
		EBD5318C2D71F941007BF316 /* TimeRecordsView.swift in Sources */ = {isa = PBXBuildFile; fileRef = EBBEB4792D67A622005B9AEA /* TimeRecordsView.swift */; };
		EBD5318D2D71F941007BF316 /* ListRecordDetails.swift in Sources */ = {isa = PBXBuildFile; fileRef = EBF9DF9C2CED8E1D002D7FA1 /* ListRecordDetails.swift */; };
		EBD5318E2D71F941007BF316 /* TimeRecord.swift in Sources */ = {isa = PBXBuildFile; fileRef = EBBEB4762D67A424005B9AEA /* TimeRecord.swift */; };
		EBD5318F2D71F941007BF316 /* UserModel.swift in Sources */ = {isa = PBXBuildFile; fileRef = EB345D202CF781E7001A62C8 /* UserModel.swift */; };
		EBD531902D71F941007BF316 /* WorkEntryDetails.swift in Sources */ = {isa = PBXBuildFile; fileRef = EB44DB5C2CFF3F290070B827 /* WorkEntryDetails.swift */; };
		EBD531912D71F941007BF316 /* ProjectsViewModel.swift in Sources */ = {isa = PBXBuildFile; fileRef = EBDAF1142D6FDD940099D03C /* ProjectsViewModel.swift */; };
		EBD531922D71F941007BF316 /* RecordModel.swift in Sources */ = {isa = PBXBuildFile; fileRef = EB345D152CF6A47B001A62C8 /* RecordModel.swift */; };
		EBD531932D71F941007BF316 /* NetworkListTotal.swift in Sources */ = {isa = PBXBuildFile; fileRef = EB44DB662CFF6D680070B827 /* NetworkListTotal.swift */; };
		EBD531942D71F941007BF316 /* SplashView.swift in Sources */ = {isa = PBXBuildFile; fileRef = EB83A1532C6A6A3300E7D361 /* SplashView.swift */; };
		EBD531952D71F941007BF316 /* EmployeeCodable.swift in Sources */ = {isa = PBXBuildFile; fileRef = EB3665FE2D08000600810713 /* EmployeeCodable.swift */; };
		EBD531962D71F941007BF316 /* LocationError.swift in Sources */ = {isa = PBXBuildFile; fileRef = EBBEB46A2D67A24E005B9AEA /* LocationError.swift */; };
		EBD531972D71F941007BF316 /* APIError.swift in Sources */ = {isa = PBXBuildFile; fileRef = EBBEB4692D67A24E005B9AEA /* APIError.swift */; };
		EBD531982D71F941007BF316 /* BoxGPS.swift in Sources */ = {isa = PBXBuildFile; fileRef = EBDAF11E2D7018F80099D03C /* BoxGPS.swift */; };
		EBD531992D71F941007BF316 /* NetworkLocalizedError.swift in Sources */ = {isa = PBXBuildFile; fileRef = EBBEB46C2D67A24E005B9AEA /* NetworkLocalizedError.swift */; };
		EBD5319A2D71F941007BF316 /* APITimeRecords.swift in Sources */ = {isa = PBXBuildFile; fileRef = EBBEB4682D67A24E005B9AEA /* APITimeRecords.swift */; };
		EBD5319B2D71F941007BF316 /* MainTabView.swift in Sources */ = {isa = PBXBuildFile; fileRef = EBDAF1182D700B4C0099D03C /* MainTabView.swift */; };
		EBD5319C2D71F941007BF316 /* SplashScreen.swift in Sources */ = {isa = PBXBuildFile; fileRef = EBDAF1192D700B4C0099D03C /* SplashScreen.swift */; };
		EBD5319D2D71F941007BF316 /* NetworkError.swift in Sources */ = {isa = PBXBuildFile; fileRef = EBBEB46B2D67A24E005B9AEA /* NetworkError.swift */; };
		EBD5319E2D71F941007BF316 /* Project.swift in Sources */ = {isa = PBXBuildFile; fileRef = EB44DB622CFF40BD0070B827 /* Project.swift */; };
		EBD5319F2D71F941007BF316 /* RecordResponse.swift in Sources */ = {isa = PBXBuildFile; fileRef = EB3666772D55A33300810713 /* RecordResponse.swift */; };
		EBD531A02D71F941007BF316 /* LoginResponse.swift in Sources */ = {isa = PBXBuildFile; fileRef = EB3666752D55A33300810713 /* LoginResponse.swift */; };
		EBD531A12D71F941007BF316 /* WorkTimeResponse.swift in Sources */ = {isa = PBXBuildFile; fileRef = EB3666782D55A33300810713 /* WorkTimeResponse.swift */; };
		EBD531A32D71F941007BF316 /* FirebaseMessaging in Frameworks */ = {isa = PBXBuildFile; productRef = EBD5316A2D71F941007BF316 /* FirebaseMessaging */; };
		EBD531A42D71F941007BF316 /* FirebaseAppCheck in Frameworks */ = {isa = PBXBuildFile; productRef = EBD531682D71F941007BF316 /* FirebaseAppCheck */; };
		EBD531A52D71F941007BF316 /* FirebaseAnalytics in Frameworks */ = {isa = PBXBuildFile; productRef = EBD531642D71F941007BF316 /* FirebaseAnalytics */; };
		EBD531A62D71F941007BF316 /* FirebaseAppDistribution-Beta in Frameworks */ = {isa = PBXBuildFile; productRef = EBD531692D71F941007BF316 /* FirebaseAppDistribution-Beta */; };
		EBD531A72D71F941007BF316 /* FirebaseCore in Frameworks */ = {isa = PBXBuildFile; productRef = EBD5316B2D71F941007BF316 /* FirebaseCore */; };
		EBD531A82D71F941007BF316 /* FirebaseAnalyticsWithoutAdIdSupport in Frameworks */ = {isa = PBXBuildFile; productRef = EBD531672D71F941007BF316 /* FirebaseAnalyticsWithoutAdIdSupport */; };
		EBD531A92D71F941007BF316 /* FirebaseAnalyticsOnDeviceConversion in Frameworks */ = {isa = PBXBuildFile; productRef = EBD531662D71F941007BF316 /* FirebaseAnalyticsOnDeviceConversion */; };
		EBD531AB2D71F941007BF316 /* Preview Assets.xcassets in Resources */ = {isa = PBXBuildFile; fileRef = EBBC93152C512EBC00F3C8CD /* Preview Assets.xcassets */; };
		EBD531AC2D71F941007BF316 /* Localizable.strings in Resources */ = {isa = PBXBuildFile; fileRef = EB3665F02D066DB600810713 /* Localizable.strings */; };
		EBD531AD2D71F941007BF316 /* Assets.xcassets in Resources */ = {isa = PBXBuildFile; fileRef = EBBC93122C512EBC00F3C8CD /* Assets.xcassets */; };
		EBDAF1172D6FDD940099D03C /* ProjectsViewModel.swift in Sources */ = {isa = PBXBuildFile; fileRef = EBDAF1142D6FDD940099D03C /* ProjectsViewModel.swift */; };
		EBDAF11A2D700B4C0099D03C /* MainTabView.swift in Sources */ = {isa = PBXBuildFile; fileRef = EBDAF1182D700B4C0099D03C /* MainTabView.swift */; };
		EBDAF11B2D700B4C0099D03C /* SplashScreen.swift in Sources */ = {isa = PBXBuildFile; fileRef = EBDAF1192D700B4C0099D03C /* SplashScreen.swift */; };
		EBDAF11F2D7018F80099D03C /* BoxGPS.swift in Sources */ = {isa = PBXBuildFile; fileRef = EBDAF11E2D7018F80099D03C /* BoxGPS.swift */; };
		EBDAF1212D7019630099D03C /* HeadSecondary.swift in Sources */ = {isa = PBXBuildFile; fileRef = EBDAF1202D7019630099D03C /* HeadSecondary.swift */; };
		EBE614982C5AE4FA00197660 /* HomeRecord.swift in Sources */ = {isa = PBXBuildFile; fileRef = EBE614972C5AE4FA00197660 /* HomeRecord.swift */; };
		EBE6149A2C5AFA5D00197660 /* LocationViewController.swift in Sources */ = {isa = PBXBuildFile; fileRef = EBE614992C5AFA5D00197660 /* LocationViewController.swift */; };
		EBF9DF9D2CED8E30002D7FA1 /* ListRecordDetails.swift in Sources */ = {isa = PBXBuildFile; fileRef = EBF9DF9C2CED8E1D002D7FA1 /* ListRecordDetails.swift */; };
		EBF9DF9F2CED8E4C002D7FA1 /* ListRecordTotals.swift in Sources */ = {isa = PBXBuildFile; fileRef = EBF9DF9E2CED8E38002D7FA1 /* ListRecordTotals.swift */; };
/* End PBXBuildFile section */

/* Begin PBXContainerItemProxy section */
		EBBC931C2C512EBC00F3C8CD /* PBXContainerItemProxy */ = {
			isa = PBXContainerItemProxy;
			containerPortal = EBBC93032C512EBB00F3C8CD /* Project object */;
			proxyType = 1;
			remoteGlobalIDString = EBBC930A2C512EBB00F3C8CD;
			remoteInfo = QGS;
		};
		EBBC93262C512EBC00F3C8CD /* PBXContainerItemProxy */ = {
			isa = PBXContainerItemProxy;
			containerPortal = EBBC93032C512EBB00F3C8CD /* Project object */;
			proxyType = 1;
			remoteGlobalIDString = EBBC930A2C512EBB00F3C8CD;
			remoteInfo = QGS;
		};
/* End PBXContainerItemProxy section */

/* Begin PBXFileReference section */
		EB126FE22D6CE23500FC1BE6 /* NotificationScheduler.swift */ = {isa = PBXFileReference; lastKnownFileType = sourcecode.swift; path = NotificationScheduler.swift; sourceTree = "<group>"; };
		EB126FE42D6CF3D200FC1BE6 /* ConfigurationView.swift */ = {isa = PBXFileReference; lastKnownFileType = sourcecode.swift; path = ConfigurationView.swift; sourceTree = "<group>"; };
		EB1763FA2D7B863C0016A8C1 /* NotificationManager.swift */ = {isa = PBXFileReference; lastKnownFileType = sourcecode.swift; path = NotificationManager.swift; sourceTree = "<group>"; };
		EB1763FF2D7F23CC0016A8C1 /* EmployeeDetailViewModel.swift */ = {isa = PBXFileReference; lastKnownFileType = sourcecode.swift; path = EmployeeDetailViewModel.swift; sourceTree = "<group>"; };
		EB1764002D7F23CC0016A8C1 /* EmployeeLocationViewModel.swift */ = {isa = PBXFileReference; lastKnownFileType = sourcecode.swift; path = EmployeeLocationViewModel.swift; sourceTree = "<group>"; };
		EB1764012D7F23CC0016A8C1 /* TimeRecordsViewModel.swift */ = {isa = PBXFileReference; lastKnownFileType = sourcecode.swift; path = TimeRecordsViewModel.swift; sourceTree = "<group>"; };
		EB1764082D7F2D8E0016A8C1 /* EmployeeLocation.swift */ = {isa = PBXFileReference; lastKnownFileType = sourcecode.swift; path = EmployeeLocation.swift; sourceTree = "<group>"; };
		EB345D152CF6A47B001A62C8 /* RecordModel.swift */ = {isa = PBXFileReference; lastKnownFileType = sourcecode.swift; path = RecordModel.swift; sourceTree = "<group>"; };
		EB345D172CF6DB9F001A62C8 /* JsonServices.swift */ = {isa = PBXFileReference; lastKnownFileType = sourcecode.swift; path = JsonServices.swift; sourceTree = "<group>"; };
		EB345D192CF74D9D001A62C8 /* Utils.swift */ = {isa = PBXFileReference; lastKnownFileType = sourcecode.swift; path = Utils.swift; sourceTree = "<group>"; };
		EB345D202CF781E7001A62C8 /* UserModel.swift */ = {isa = PBXFileReference; lastKnownFileType = sourcecode.swift; path = UserModel.swift; sourceTree = "<group>"; };
		EB3665F02D066DB600810713 /* Localizable.strings */ = {isa = PBXFileReference; lastKnownFileType = text.plist.strings; path = Localizable.strings; sourceTree = "<group>"; };
		EB3665FE2D08000600810713 /* EmployeeCodable.swift */ = {isa = PBXFileReference; lastKnownFileType = sourcecode.swift; path = EmployeeCodable.swift; sourceTree = "<group>"; };
		EB3666352D15E81000810713 /* APIService.swift */ = {isa = PBXFileReference; lastKnownFileType = sourcecode.swift; path = APIService.swift; sourceTree = "<group>"; };
		EB3666452D15F1C800810713 /* RecordViewModel.swift */ = {isa = PBXFileReference; lastKnownFileType = sourcecode.swift; path = RecordViewModel.swift; sourceTree = "<group>"; };
		EB36666C2D16029B00810713 /* LoadingState.swift */ = {isa = PBXFileReference; lastKnownFileType = sourcecode.swift; path = LoadingState.swift; sourceTree = "<group>"; };
		EB36666D2D16029B00810713 /* RecordData.swift */ = {isa = PBXFileReference; lastKnownFileType = sourcecode.swift; path = RecordData.swift; sourceTree = "<group>"; };
		EB3666752D55A33300810713 /* LoginResponse.swift */ = {isa = PBXFileReference; lastKnownFileType = sourcecode.swift; path = LoginResponse.swift; sourceTree = "<group>"; };
		EB3666772D55A33300810713 /* RecordResponse.swift */ = {isa = PBXFileReference; lastKnownFileType = sourcecode.swift; path = RecordResponse.swift; sourceTree = "<group>"; };
		EB3666782D55A33300810713 /* WorkTimeResponse.swift */ = {isa = PBXFileReference; lastKnownFileType = sourcecode.swift; path = WorkTimeResponse.swift; sourceTree = "<group>"; };
		EB36667F2D55A3BF00810713 /* Migration.swift */ = {isa = PBXFileReference; lastKnownFileType = sourcecode.swift; path = Migration.swift; sourceTree = "<group>"; };
		EB44DB2F2CFE00340070B827 /* NetworkManager.swift */ = {isa = PBXFileReference; lastKnownFileType = sourcecode.swift; path = NetworkManager.swift; sourceTree = "<group>"; };
		EB44DB382CFE4D680070B827 /* NetworkListDetails.swift */ = {isa = PBXFileReference; lastKnownFileType = sourcecode.swift; path = NetworkListDetails.swift; sourceTree = "<group>"; };
		EB44DB5A2CFECF090070B827 /* DeviceLocations.swift */ = {isa = PBXFileReference; lastKnownFileType = sourcecode.swift; path = DeviceLocations.swift; sourceTree = "<group>"; };
		EB44DB5C2CFF3F290070B827 /* WorkEntryDetails.swift */ = {isa = PBXFileReference; lastKnownFileType = sourcecode.swift; path = WorkEntryDetails.swift; sourceTree = "<group>"; };
		EB44DB602CFF406C0070B827 /* Employee.swift */ = {isa = PBXFileReference; lastKnownFileType = sourcecode.swift; path = Employee.swift; sourceTree = "<group>"; };
		EB44DB622CFF40BD0070B827 /* Project.swift */ = {isa = PBXFileReference; lastKnownFileType = sourcecode.swift; path = Project.swift; sourceTree = "<group>"; };
		EB44DB642CFF42780070B827 /* Sysconf.swift */ = {isa = PBXFileReference; lastKnownFileType = sourcecode.swift; path = Sysconf.swift; sourceTree = "<group>"; };
		EB44DB662CFF6D680070B827 /* NetworkListTotal.swift */ = {isa = PBXFileReference; lastKnownFileType = sourcecode.swift; path = NetworkListTotal.swift; sourceTree = "<group>"; };
		EB44DB682CFF6EF80070B827 /* TotalWorkEntry.swift */ = {isa = PBXFileReference; lastKnownFileType = sourcecode.swift; path = TotalWorkEntry.swift; sourceTree = "<group>"; };
		EB44DBA02D0309C20070B827 /* APIServiceRecord.swift */ = {isa = PBXFileReference; lastKnownFileType = sourcecode.swift; path = APIServiceRecord.swift; sourceTree = "<group>"; };
		EB6400CF2D62D9E9000CA007 /* PDFView.swift */ = {isa = PBXFileReference; lastKnownFileType = sourcecode.swift; path = PDFView.swift; sourceTree = "<group>"; };
		EB6F03A12CEE171300190C0E /* Endpoints.swift */ = {isa = PBXFileReference; lastKnownFileType = sourcecode.swift; path = Endpoints.swift; sourceTree = "<group>"; };
		EB83A1532C6A6A3300E7D361 /* SplashView.swift */ = {isa = PBXFileReference; lastKnownFileType = sourcecode.swift; path = SplashView.swift; sourceTree = "<group>"; };
		EB83A1B32C6BA23500E7D361 /* AppDelegate.swift */ = {isa = PBXFileReference; lastKnownFileType = sourcecode.swift; path = AppDelegate.swift; sourceTree = "<group>"; };
		EB86403C2C66400A0072534E /* QGS.entitlements */ = {isa = PBXFileReference; lastKnownFileType = text.plist.entitlements; path = QGS.entitlements; sourceTree = "<group>"; };
		EBA23F9B2D7786BC00DAB27D /* LogScreen.swift */ = {isa = PBXFileReference; lastKnownFileType = sourcecode.swift; path = LogScreen.swift; sourceTree = "<group>"; };
		EBADECB22D71346A00B56617 /* EmployeesViewModel.swift */ = {isa = PBXFileReference; lastKnownFileType = sourcecode.swift; path = EmployeesViewModel.swift; sourceTree = "<group>"; };
		EBBC930B2C512EBB00F3C8CD /* QGS.app */ = {isa = PBXFileReference; explicitFileType = wrapper.application; includeInIndex = 0; path = QGS.app; sourceTree = BUILT_PRODUCTS_DIR; };
		EBBC930E2C512EBB00F3C8CD /* QGSApp.swift */ = {isa = PBXFileReference; lastKnownFileType = sourcecode.swift; path = QGSApp.swift; sourceTree = "<group>"; };
		EBBC93122C512EBC00F3C8CD /* Assets.xcassets */ = {isa = PBXFileReference; lastKnownFileType = folder.assetcatalog; path = Assets.xcassets; sourceTree = "<group>"; };
		EBBC93152C512EBC00F3C8CD /* Preview Assets.xcassets */ = {isa = PBXFileReference; lastKnownFileType = folder.assetcatalog; path = "Preview Assets.xcassets"; sourceTree = "<group>"; };
		EBBC931B2C512EBC00F3C8CD /* QGSTests.xctest */ = {isa = PBXFileReference; explicitFileType = wrapper.cfbundle; includeInIndex = 0; path = QGSTests.xctest; sourceTree = BUILT_PRODUCTS_DIR; };
		EBBC931F2C512EBC00F3C8CD /* QGSTests.swift */ = {isa = PBXFileReference; lastKnownFileType = sourcecode.swift; path = QGSTests.swift; sourceTree = "<group>"; };
		EBBC93252C512EBC00F3C8CD /* QGSUITests.xctest */ = {isa = PBXFileReference; explicitFileType = wrapper.cfbundle; includeInIndex = 0; path = QGSUITests.xctest; sourceTree = BUILT_PRODUCTS_DIR; };
		EBBC93292C512EBC00F3C8CD /* QGSUITests.swift */ = {isa = PBXFileReference; lastKnownFileType = sourcecode.swift; path = QGSUITests.swift; sourceTree = "<group>"; };
		EBBC932B2C512EBC00F3C8CD /* QGSUITestsLaunchTests.swift */ = {isa = PBXFileReference; lastKnownFileType = sourcecode.swift; path = QGSUITestsLaunchTests.swift; sourceTree = "<group>"; };
		EBBC93382C51336400F3C8CD /* Colors.swift */ = {isa = PBXFileReference; lastKnownFileType = sourcecode.swift; path = Colors.swift; sourceTree = "<group>"; };
		EBBC933B2C515E9400F3C8CD /* Login.swift */ = {isa = PBXFileReference; lastKnownFileType = sourcecode.swift; path = Login.swift; sourceTree = "<group>"; };
		EBBC933E2C515FC100F3C8CD /* View+extensions.swift */ = {isa = PBXFileReference; lastKnownFileType = sourcecode.swift; path = "View+extensions.swift"; sourceTree = "<group>"; };
		EBBC93402C5161CD00F3C8CD /* CustomTF.swift */ = {isa = PBXFileReference; lastKnownFileType = sourcecode.swift; path = CustomTF.swift; sourceTree = "<group>"; };
		EBBEB4682D67A24E005B9AEA /* APITimeRecords.swift */ = {isa = PBXFileReference; lastKnownFileType = sourcecode.swift; path = APITimeRecords.swift; sourceTree = "<group>"; };
		EBBEB4692D67A24E005B9AEA /* APIError.swift */ = {isa = PBXFileReference; lastKnownFileType = sourcecode.swift; path = APIError.swift; sourceTree = "<group>"; };
		EBBEB46A2D67A24E005B9AEA /* LocationError.swift */ = {isa = PBXFileReference; lastKnownFileType = sourcecode.swift; path = LocationError.swift; sourceTree = "<group>"; };
		EBBEB46B2D67A24E005B9AEA /* NetworkError.swift */ = {isa = PBXFileReference; lastKnownFileType = sourcecode.swift; path = NetworkError.swift; sourceTree = "<group>"; };
		EBBEB46C2D67A24E005B9AEA /* NetworkLocalizedError.swift */ = {isa = PBXFileReference; lastKnownFileType = sourcecode.swift; path = NetworkLocalizedError.swift; sourceTree = "<group>"; };
		EBBEB46E2D67A24E005B9AEA /* LocationManager.swift */ = {isa = PBXFileReference; lastKnownFileType = sourcecode.swift; path = LocationManager.swift; sourceTree = "<group>"; };
		EBBEB4762D67A424005B9AEA /* TimeRecord.swift */ = {isa = PBXFileReference; lastKnownFileType = sourcecode.swift; path = TimeRecord.swift; sourceTree = "<group>"; };
		EBBEB4792D67A622005B9AEA /* TimeRecordsView.swift */ = {isa = PBXFileReference; lastKnownFileType = sourcecode.swift; path = TimeRecordsView.swift; sourceTree = "<group>"; };
		EBBEB4882D68B3A6005B9AEA /* GoogleService-Info.plist */ = {isa = PBXFileReference; lastKnownFileType = text.plist.xml; path = "GoogleService-Info.plist"; sourceTree = "<group>"; };
		EBD531B12D71F941007BF316 /* FriendlyCheckInOut.app */ = {isa = PBXFileReference; explicitFileType = wrapper.application; includeInIndex = 0; path = FriendlyCheckInOut.app; sourceTree = BUILT_PRODUCTS_DIR; };
		EBD531B72D71F943007BF316 /* FriendlyCheckInOut-Info.plist */ = {isa = PBXFileReference; lastKnownFileType = text.plist.xml; name = "FriendlyCheckInOut-Info.plist"; path = "/Users/edinmartinez/Documents/Projects/QGS/FriendlyCheckInOut-Info.plist"; sourceTree = "<absolute>"; };
		EBDAF1142D6FDD940099D03C /* ProjectsViewModel.swift */ = {isa = PBXFileReference; lastKnownFileType = sourcecode.swift; path = ProjectsViewModel.swift; sourceTree = "<group>"; };
		EBDAF1182D700B4C0099D03C /* MainTabView.swift */ = {isa = PBXFileReference; lastKnownFileType = sourcecode.swift; path = MainTabView.swift; sourceTree = "<group>"; };
		EBDAF1192D700B4C0099D03C /* SplashScreen.swift */ = {isa = PBXFileReference; lastKnownFileType = sourcecode.swift; path = SplashScreen.swift; sourceTree = "<group>"; };
		EBDAF11E2D7018F80099D03C /* BoxGPS.swift */ = {isa = PBXFileReference; lastKnownFileType = sourcecode.swift; path = BoxGPS.swift; sourceTree = "<group>"; };
		EBDAF1202D7019630099D03C /* HeadSecondary.swift */ = {isa = PBXFileReference; lastKnownFileType = sourcecode.swift; path = HeadSecondary.swift; sourceTree = "<group>"; };
		EBE614972C5AE4FA00197660 /* HomeRecord.swift */ = {isa = PBXFileReference; lastKnownFileType = sourcecode.swift; path = HomeRecord.swift; sourceTree = "<group>"; };
		EBE614992C5AFA5D00197660 /* LocationViewController.swift */ = {isa = PBXFileReference; lastKnownFileType = sourcecode.swift; path = LocationViewController.swift; sourceTree = "<group>"; };
		EBE6149B2C5AFC8300197660 /* Info.plist */ = {isa = PBXFileReference; lastKnownFileType = text.plist; path = Info.plist; sourceTree = "<group>"; };
		EBF9DF9C2CED8E1D002D7FA1 /* ListRecordDetails.swift */ = {isa = PBXFileReference; lastKnownFileType = sourcecode.swift; path = ListRecordDetails.swift; sourceTree = "<group>"; };
		EBF9DF9E2CED8E38002D7FA1 /* ListRecordTotals.swift */ = {isa = PBXFileReference; lastKnownFileType = sourcecode.swift; path = ListRecordTotals.swift; sourceTree = "<group>"; };
/* End PBXFileReference section */

/* Begin PBXFileSystemSynchronizedRootGroup section */
		EB345D242CF79E07001A62C8 /* Buttons */ = {
			isa = PBXFileSystemSynchronizedRootGroup;
			path = Buttons;
			sourceTree = "<group>";
		};
		EB345D922CFA11A4001A62C8 /* Interactor */ = {
			isa = PBXFileSystemSynchronizedRootGroup;
			path = Interactor;
			sourceTree = "<group>";
		};
		EB3665EC2D05F6B000810713 /* Manager */ = {
			isa = PBXFileSystemSynchronizedRootGroup;
			path = Manager;
			sourceTree = "<group>";
		};
		EB44DB342CFE0F420070B827 /* UtilsLogin */ = {
			isa = PBXFileSystemSynchronizedRootGroup;
			path = UtilsLogin;
			sourceTree = "<group>";
		};
		EBDAF1122D6FCCD20099D03C /* Configurations */ = {
			isa = PBXFileSystemSynchronizedRootGroup;
			path = Configurations;
			sourceTree = "<group>";
		};
/* End PBXFileSystemSynchronizedRootGroup section */

/* Begin PBXFrameworksBuildPhase section */
		EBBC93082C512EBB00F3C8CD /* Frameworks */ = {
			isa = PBXFrameworksBuildPhase;
			buildActionMask = 2147483647;
			files = (
				EB90F79B2D68CBAF00684251 /* FirebaseMessaging in Frameworks */,
				EBBEB4852D68AD78005B9AEA /* FirebaseAppCheck in Frameworks */,
				EBBEB47F2D68AD78005B9AEA /* FirebaseAnalytics in Frameworks */,
				EBBEB4872D68AD78005B9AEA /* FirebaseAppDistribution-Beta in Frameworks */,
				EB84DB8D2D68E52A0062D13B /* FirebaseCore in Frameworks */,
				EB1763FE2D7B924C0016A8C1 /* FirebaseFirestore in Frameworks */,
				EBBEB4832D68AD78005B9AEA /* FirebaseAnalyticsWithoutAdIdSupport in Frameworks */,
				EBBEB4812D68AD78005B9AEA /* FirebaseAnalyticsOnDeviceConversion in Frameworks */,
			);
			runOnlyForDeploymentPostprocessing = 0;
		};
		EBBC93182C512EBC00F3C8CD /* Frameworks */ = {
			isa = PBXFrameworksBuildPhase;
			buildActionMask = 2147483647;
			files = (
			);
			runOnlyForDeploymentPostprocessing = 0;
		};
		EBBC93222C512EBC00F3C8CD /* Frameworks */ = {
			isa = PBXFrameworksBuildPhase;
			buildActionMask = 2147483647;
			files = (
			);
			runOnlyForDeploymentPostprocessing = 0;
		};
		EBD531A22D71F941007BF316 /* Frameworks */ = {
			isa = PBXFrameworksBuildPhase;
			buildActionMask = 2147483647;
			files = (
				EBD531A32D71F941007BF316 /* FirebaseMessaging in Frameworks */,
				EBD531A42D71F941007BF316 /* FirebaseAppCheck in Frameworks */,
				EBD531A52D71F941007BF316 /* FirebaseAnalytics in Frameworks */,
				EBD531A62D71F941007BF316 /* FirebaseAppDistribution-Beta in Frameworks */,
				EBD531A72D71F941007BF316 /* FirebaseCore in Frameworks */,
				EBD531A82D71F941007BF316 /* FirebaseAnalyticsWithoutAdIdSupport in Frameworks */,
				EBD531A92D71F941007BF316 /* FirebaseAnalyticsOnDeviceConversion in Frameworks */,
			);
			runOnlyForDeploymentPostprocessing = 0;
		};
/* End PBXFrameworksBuildPhase section */

/* Begin PBXGroup section */
		EB3666462D15F1C800810713 /* ViewModel */ = {
			isa = PBXGroup;
			children = (
				EB1763FF2D7F23CC0016A8C1 /* EmployeeDetailViewModel.swift */,
				EB1764002D7F23CC0016A8C1 /* EmployeeLocationViewModel.swift */,
				EB1764012D7F23CC0016A8C1 /* TimeRecordsViewModel.swift */,
				EBADECB22D71346A00B56617 /* EmployeesViewModel.swift */,
				EBDAF1142D6FDD940099D03C /* ProjectsViewModel.swift */,
				EB3666452D15F1C800810713 /* RecordViewModel.swift */,
			);
			path = ViewModel;
			sourceTree = "<group>";
		};
		EB3666792D55A33300810713 /* Models */ = {
			isa = PBXGroup;
			children = (
				EB1764082D7F2D8E0016A8C1 /* EmployeeLocation.swift */,
				EB3666752D55A33300810713 /* LoginResponse.swift */,
				EB3666772D55A33300810713 /* RecordResponse.swift */,
				EB3666782D55A33300810713 /* WorkTimeResponse.swift */,
			);
			path = Models;
			sourceTree = "<group>";
		};
		EB3666802D55A3BF00810713 /* Migrations */ = {
			isa = PBXGroup;
			children = (
				EB36667F2D55A3BF00810713 /* Migration.swift */,
			);
			path = Migrations;
			sourceTree = "<group>";
		};
		EB4B26B42C5998F80083397F /* Network */ = {
			isa = PBXGroup;
			children = (
				EB1763FA2D7B863C0016A8C1 /* NotificationManager.swift */,
				EBBEB4682D67A24E005B9AEA /* APITimeRecords.swift */,
				EBBEB46D2D67A24E005B9AEA /* Errors */,
				EBBEB46E2D67A24E005B9AEA /* LocationManager.swift */,
				EB3666792D55A33300810713 /* Models */,
				EB3666352D15E81000810713 /* APIService.swift */,
				EB44DBA02D0309C20070B827 /* APIServiceRecord.swift */,
				EB44DB662CFF6D680070B827 /* NetworkListTotal.swift */,
				EB44DB5A2CFECF090070B827 /* DeviceLocations.swift */,
				EB44DB382CFE4D680070B827 /* NetworkListDetails.swift */,
				EB44DB2F2CFE00340070B827 /* NetworkManager.swift */,
				EB345D192CF74D9D001A62C8 /* Utils.swift */,
				EB6F03A12CEE171300190C0E /* Endpoints.swift */,
				EBE614992C5AFA5D00197660 /* LocationViewController.swift */,
			);
			path = Network;
			sourceTree = "<group>";
		};
		EB4B26B92C5AB10B0083397F /* Model */ = {
			isa = PBXGroup;
			children = (
				EBBEB4762D67A424005B9AEA /* TimeRecord.swift */,
				EB3666802D55A3BF00810713 /* Migrations */,
				EB36666C2D16029B00810713 /* LoadingState.swift */,
				EB36666D2D16029B00810713 /* RecordData.swift */,
				EB3665EC2D05F6B000810713 /* Manager */,
				EB3666462D15F1C800810713 /* ViewModel */,
				EB44DB682CFF6EF80070B827 /* TotalWorkEntry.swift */,
				EB44DB642CFF42780070B827 /* Sysconf.swift */,
				EB44DB622CFF40BD0070B827 /* Project.swift */,
				EB44DB602CFF406C0070B827 /* Employee.swift */,
				EB3665FE2D08000600810713 /* EmployeeCodable.swift */,
				EB44DB5C2CFF3F290070B827 /* WorkEntryDetails.swift */,
				EB345D202CF781E7001A62C8 /* UserModel.swift */,
				EB345D152CF6A47B001A62C8 /* RecordModel.swift */,
			);
			path = Model;
			sourceTree = "<group>";
		};
		EB6D31C72CECCCC7000E02E7 /* Utilits */ = {
			isa = PBXGroup;
			children = (
				EBDAF1202D7019630099D03C /* HeadSecondary.swift */,
				EBDAF11E2D7018F80099D03C /* BoxGPS.swift */,
				EB345D242CF79E07001A62C8 /* Buttons */,
				EBDAF1182D700B4C0099D03C /* MainTabView.swift */,
				EBDAF1192D700B4C0099D03C /* SplashScreen.swift */,
			);
			path = Utilits;
			sourceTree = "<group>";
		};
		EB84DB8B2D68E52A0062D13B /* Frameworks */ = {
			isa = PBXGroup;
			children = (
			);
			name = Frameworks;
			sourceTree = "<group>";
		};
		EBBC93022C512EBB00F3C8CD = {
			isa = PBXGroup;
			children = (
				EBBC930D2C512EBB00F3C8CD /* QGS */,
				EBBC931E2C512EBC00F3C8CD /* QGSTests */,
				EBBC93282C512EBC00F3C8CD /* QGSUITests */,
				EB84DB8B2D68E52A0062D13B /* Frameworks */,
				EBD531B72D71F943007BF316 /* FriendlyCheckInOut-Info.plist */,
				EBBEB4882D68B3A6005B9AEA /* GoogleService-Info.plist */,
				EBBC930C2C512EBB00F3C8CD /* Products */,
			);
			sourceTree = "<group>";
		};
		EBBC930C2C512EBB00F3C8CD /* Products */ = {
			isa = PBXGroup;
			children = (
				EBBC930B2C512EBB00F3C8CD /* QGS.app */,
				EBBC931B2C512EBC00F3C8CD /* QGSTests.xctest */,
				EBBC93252C512EBC00F3C8CD /* QGSUITests.xctest */,
				EBD531B12D71F941007BF316 /* FriendlyCheckInOut.app */,
			);
			name = Products;
			sourceTree = "<group>";
		};
		EBBC930D2C512EBB00F3C8CD /* QGS */ = {
			isa = PBXGroup;
			children = (
				EBDAF1152D6FDD940099D03C /* Configurations */,
				EB345D922CFA11A4001A62C8 /* Interactor */,
				EB4B26B92C5AB10B0083397F /* Model */,
				EB86403C2C66400A0072534E /* QGS.entitlements */,
				EBE6149B2C5AFC8300197660 /* Info.plist */,
				EB4B26B42C5998F80083397F /* Network */,
				EBBC933D2C515F9E00F3C8CD /* Helpers */,
				EBBC933A2C515E7E00F3C8CD /* View */,
				EBBC930E2C512EBB00F3C8CD /* QGSApp.swift */,
				EBBC93122C512EBC00F3C8CD /* Assets.xcassets */,
				EBBC93142C512EBC00F3C8CD /* Preview Content */,
				EBBC93382C51336400F3C8CD /* Colors.swift */,
				EB83A1B32C6BA23500E7D361 /* AppDelegate.swift */,
				EB3665F02D066DB600810713 /* Localizable.strings */,
			);
			path = QGS;
			sourceTree = "<group>";
		};
		EBBC93142C512EBC00F3C8CD /* Preview Content */ = {
			isa = PBXGroup;
			children = (
				EBBC93152C512EBC00F3C8CD /* Preview Assets.xcassets */,
			);
			path = "Preview Content";
			sourceTree = "<group>";
		};
		EBBC931E2C512EBC00F3C8CD /* QGSTests */ = {
			isa = PBXGroup;
			children = (
				EBBC931F2C512EBC00F3C8CD /* QGSTests.swift */,
			);
			path = QGSTests;
			sourceTree = "<group>";
		};
		EBBC93282C512EBC00F3C8CD /* QGSUITests */ = {
			isa = PBXGroup;
			children = (
				EBBC93292C512EBC00F3C8CD /* QGSUITests.swift */,
				EBBC932B2C512EBC00F3C8CD /* QGSUITestsLaunchTests.swift */,
			);
			path = QGSUITests;
			sourceTree = "<group>";
		};
		EBBC933A2C515E7E00F3C8CD /* View */ = {
			isa = PBXGroup;
			children = (
				EBDAF1122D6FCCD20099D03C /* Configurations */,
				EB6D31C72CECCCC7000E02E7 /* Utilits */,
				EB44DB342CFE0F420070B827 /* UtilsLogin */,
				EBBEB4792D67A622005B9AEA /* TimeRecordsView.swift */,
				EB126FE42D6CF3D200FC1BE6 /* ConfigurationView.swift */,
				EB6400CF2D62D9E9000CA007 /* PDFView.swift */,
				EBF9DF9E2CED8E38002D7FA1 /* ListRecordTotals.swift */,
				EBF9DF9C2CED8E1D002D7FA1 /* ListRecordDetails.swift */,
				EBBC933B2C515E9400F3C8CD /* Login.swift */,
				EBE614972C5AE4FA00197660 /* HomeRecord.swift */,
			);
			path = View;
			sourceTree = "<group>";
		};
		EBBC933D2C515F9E00F3C8CD /* Helpers */ = {
			isa = PBXGroup;
			children = (
				EBA23F9B2D7786BC00DAB27D /* LogScreen.swift */,
				EB126FE22D6CE23500FC1BE6 /* NotificationScheduler.swift */,
				EB345D172CF6DB9F001A62C8 /* JsonServices.swift */,
				EBBC93402C5161CD00F3C8CD /* CustomTF.swift */,
				EBBC933E2C515FC100F3C8CD /* View+extensions.swift */,
				EB83A1532C6A6A3300E7D361 /* SplashView.swift */,
			);
			path = Helpers;
			sourceTree = "<group>";
		};
		EBBEB46D2D67A24E005B9AEA /* Errors */ = {
			isa = PBXGroup;
			children = (
				EBBEB4692D67A24E005B9AEA /* APIError.swift */,
				EBBEB46A2D67A24E005B9AEA /* LocationError.swift */,
				EBBEB46B2D67A24E005B9AEA /* NetworkError.swift */,
				EBBEB46C2D67A24E005B9AEA /* NetworkLocalizedError.swift */,
			);
			path = Errors;
			sourceTree = "<group>";
		};
		EBDAF1152D6FDD940099D03C /* Configurations */ = {
			isa = PBXGroup;
			children = (
			);
			path = Configurations;
			sourceTree = "<group>";
		};
/* End PBXGroup section */

/* Begin PBXNativeTarget section */
		EBBC930A2C512EBB00F3C8CD /* QGS */ = {
			isa = PBXNativeTarget;
			buildConfigurationList = EBBC932F2C512EBC00F3C8CD /* Build configuration list for PBXNativeTarget "QGS" */;
			buildPhases = (
				EBBC93072C512EBB00F3C8CD /* Sources */,
				EBBC93082C512EBB00F3C8CD /* Frameworks */,
				EBBC93092C512EBB00F3C8CD /* Resources */,
			);
			buildRules = (
			);
			dependencies = (
			);
			fileSystemSynchronizedGroups = (
				EB345D242CF79E07001A62C8 /* Buttons */,
				EB345D922CFA11A4001A62C8 /* Interactor */,
				EB3665EC2D05F6B000810713 /* Manager */,
				EB44DB342CFE0F420070B827 /* UtilsLogin */,
				EBDAF1122D6FCCD20099D03C /* Configurations */,
			);
			name = QGS;
			packageProductDependencies = (
				EBBEB47E2D68AD78005B9AEA /* FirebaseAnalytics */,
				EBBEB4802D68AD78005B9AEA /* FirebaseAnalyticsOnDeviceConversion */,
				EBBEB4822D68AD78005B9AEA /* FirebaseAnalyticsWithoutAdIdSupport */,
				EBBEB4842D68AD78005B9AEA /* FirebaseAppCheck */,
				EBBEB4862D68AD78005B9AEA /* FirebaseAppDistribution-Beta */,
				EB90F79A2D68CBAF00684251 /* FirebaseMessaging */,
				EB84DB8C2D68E52A0062D13B /* FirebaseCore */,
				EB1763FD2D7B924C0016A8C1 /* FirebaseFirestore */,
			);
			productName = QGS;
			productReference = EBBC930B2C512EBB00F3C8CD /* QGS.app */;
			productType = "com.apple.product-type.application";
		};
		EBBC931A2C512EBC00F3C8CD /* QGSTests */ = {
			isa = PBXNativeTarget;
			buildConfigurationList = EBBC93322C512EBC00F3C8CD /* Build configuration list for PBXNativeTarget "QGSTests" */;
			buildPhases = (
				EBBC93172C512EBC00F3C8CD /* Sources */,
				EBBC93182C512EBC00F3C8CD /* Frameworks */,
				EBBC93192C512EBC00F3C8CD /* Resources */,
			);
			buildRules = (
			);
			dependencies = (
				EBBC931D2C512EBC00F3C8CD /* PBXTargetDependency */,
			);
			name = QGSTests;
			productName = QGSTests;
			productReference = EBBC931B2C512EBC00F3C8CD /* QGSTests.xctest */;
			productType = "com.apple.product-type.bundle.unit-test";
		};
		EBBC93242C512EBC00F3C8CD /* QGSUITests */ = {
			isa = PBXNativeTarget;
			buildConfigurationList = EBBC93352C512EBC00F3C8CD /* Build configuration list for PBXNativeTarget "QGSUITests" */;
			buildPhases = (
				EBBC93212C512EBC00F3C8CD /* Sources */,
				EBBC93222C512EBC00F3C8CD /* Frameworks */,
				EBBC93232C512EBC00F3C8CD /* Resources */,
			);
			buildRules = (
			);
			dependencies = (
				EBBC93272C512EBC00F3C8CD /* PBXTargetDependency */,
			);
			name = QGSUITests;
			productName = QGSUITests;
			productReference = EBBC93252C512EBC00F3C8CD /* QGSUITests.xctest */;
			productType = "com.apple.product-type.bundle.ui-testing";
		};
		EBD531632D71F941007BF316 /* FriendlyCheckInOut */ = {
			isa = PBXNativeTarget;
			buildConfigurationList = EBD531AE2D71F941007BF316 /* Build configuration list for PBXNativeTarget "FriendlyCheckInOut" */;
			buildPhases = (
				EBD5316C2D71F941007BF316 /* Sources */,
				EBD531A22D71F941007BF316 /* Frameworks */,
				EBD531AA2D71F941007BF316 /* Resources */,
			);
			buildRules = (
			);
			dependencies = (
			);
			fileSystemSynchronizedGroups = (
				EB345D242CF79E07001A62C8 /* Buttons */,
				EB345D922CFA11A4001A62C8 /* Interactor */,
				EB3665EC2D05F6B000810713 /* Manager */,
				EB44DB342CFE0F420070B827 /* UtilsLogin */,
				EBDAF1122D6FCCD20099D03C /* Configurations */,
			);
			name = FriendlyCheckInOut;
			packageProductDependencies = (
				EBD531642D71F941007BF316 /* FirebaseAnalytics */,
				EBD531662D71F941007BF316 /* FirebaseAnalyticsOnDeviceConversion */,
				EBD531672D71F941007BF316 /* FirebaseAnalyticsWithoutAdIdSupport */,
				EBD531682D71F941007BF316 /* FirebaseAppCheck */,
				EBD531692D71F941007BF316 /* FirebaseAppDistribution-Beta */,
				EBD5316A2D71F941007BF316 /* FirebaseMessaging */,
				EBD5316B2D71F941007BF316 /* FirebaseCore */,
			);
			productName = QGS;
			productReference = EBD531B12D71F941007BF316 /* FriendlyCheckInOut.app */;
			productType = "com.apple.product-type.application";
		};
/* End PBXNativeTarget section */

/* Begin PBXProject section */
		EBBC93032C512EBB00F3C8CD /* Project object */ = {
			isa = PBXProject;
			attributes = {
				BuildIndependentTargetsInParallel = 1;
				LastSwiftUpdateCheck = 1540;
				LastUpgradeCheck = 1610;
				TargetAttributes = {
					EBBC930A2C512EBB00F3C8CD = {
						CreatedOnToolsVersion = 15.4;
					};
					EBBC931A2C512EBC00F3C8CD = {
						CreatedOnToolsVersion = 15.4;
						TestTargetID = EBBC930A2C512EBB00F3C8CD;
					};
					EBBC93242C512EBC00F3C8CD = {
						CreatedOnToolsVersion = 15.4;
						TestTargetID = EBBC930A2C512EBB00F3C8CD;
					};
				};
			};
			buildConfigurationList = EBBC93062C512EBB00F3C8CD /* Build configuration list for PBXProject "QGS" */;
			developmentRegion = en;
			hasScannedForEncodings = 0;
			knownRegions = (
				en,
				Base,
			);
			mainGroup = EBBC93022C512EBB00F3C8CD;
			packageReferences = (
				EBBEB47D2D68AD78005B9AEA /* XCRemoteSwiftPackageReference "firebase-ios-sdk" */,
			);
			preferredProjectObjectVersion = 77;
			productRefGroup = EBBC930C2C512EBB00F3C8CD /* Products */;
			projectDirPath = "";
			projectRoot = "";
			targets = (
				EBBC930A2C512EBB00F3C8CD /* QGS */,
				EBBC931A2C512EBC00F3C8CD /* QGSTests */,
				EBBC93242C512EBC00F3C8CD /* QGSUITests */,
				EBD531632D71F941007BF316 /* FriendlyCheckInOut */,
			);
		};
/* End PBXProject section */

/* Begin PBXResourcesBuildPhase section */
		EBBC93092C512EBB00F3C8CD /* Resources */ = {
			isa = PBXResourcesBuildPhase;
			buildActionMask = 2147483647;
			files = (
				EBBC93162C512EBC00F3C8CD /* Preview Assets.xcassets in Resources */,
				EB3665F12D066DCE00810713 /* Localizable.strings in Resources */,
				EBBC93132C512EBC00F3C8CD /* Assets.xcassets in Resources */,
			);
			runOnlyForDeploymentPostprocessing = 0;
		};
		EBBC93192C512EBC00F3C8CD /* Resources */ = {
			isa = PBXResourcesBuildPhase;
			buildActionMask = 2147483647;
			files = (
			);
			runOnlyForDeploymentPostprocessing = 0;
		};
		EBBC93232C512EBC00F3C8CD /* Resources */ = {
			isa = PBXResourcesBuildPhase;
			buildActionMask = 2147483647;
			files = (
			);
			runOnlyForDeploymentPostprocessing = 0;
		};
		EBD531AA2D71F941007BF316 /* Resources */ = {
			isa = PBXResourcesBuildPhase;
			buildActionMask = 2147483647;
			files = (
				EBD531AB2D71F941007BF316 /* Preview Assets.xcassets in Resources */,
				EBD531AC2D71F941007BF316 /* Localizable.strings in Resources */,
				EBD531AD2D71F941007BF316 /* Assets.xcassets in Resources */,
			);
			runOnlyForDeploymentPostprocessing = 0;
		};
/* End PBXResourcesBuildPhase section */

/* Begin PBXSourcesBuildPhase section */
		EBBC93072C512EBB00F3C8CD /* Sources */ = {
			isa = PBXSourcesBuildPhase;
			buildActionMask = 2147483647;
			files = (
				EB44DB302CFE00410070B827 /* NetworkManager.swift in Sources */,
				EB36666E2D16029B00810713 /* LoadingState.swift in Sources */,
				EBBEB4892D68B3AA005B9AEA /* GoogleService-Info.plist in Sources */,
				EB36666F2D16029B00810713 /* RecordData.swift in Sources */,
				EBBC93392C51336400F3C8CD /* Colors.swift in Sources */,
				EB44DB392CFE4D800070B827 /* NetworkListDetails.swift in Sources */,
				EB6400D02D62D9E9000CA007 /* PDFView.swift in Sources */,
				EB3666812D55A3BF00810713 /* Migration.swift in Sources */,
				EBE614982C5AE4FA00197660 /* HomeRecord.swift in Sources */,
				EB44DB612CFF40730070B827 /* Employee.swift in Sources */,
				EB1764022D7F23CC0016A8C1 /* EmployeeLocationViewModel.swift in Sources */,
				EB1764032D7F23CC0016A8C1 /* TimeRecordsViewModel.swift in Sources */,
				EB1764042D7F23CC0016A8C1 /* EmployeeDetailViewModel.swift in Sources */,
				EB126FE72D6CF3D200FC1BE6 /* ConfigurationView.swift in Sources */,
				EBBEB4742D67A24E005B9AEA /* LocationManager.swift in Sources */,
				EB44DBA12D0309C50070B827 /* APIServiceRecord.swift in Sources */,
				EB17640A2D7F2D910016A8C1 /* EmployeeLocation.swift in Sources */,
				EBA23F9C2D7786CB00DAB27D /* LogScreen.swift in Sources */,
				EB3666472D15F1C800810713 /* RecordViewModel.swift in Sources */,
				EBE6149A2C5AFA5D00197660 /* LocationViewController.swift in Sources */,
				EB345D182CF6DBB1001A62C8 /* JsonServices.swift in Sources */,
				EB345D1A2CF74DA8001A62C8 /* Utils.swift in Sources */,
				EBBC93412C5161CD00F3C8CD /* CustomTF.swift in Sources */,
				EBDAF1212D7019630099D03C /* HeadSecondary.swift in Sources */,
				EBBC930F2C512EBB00F3C8CD /* QGSApp.swift in Sources */,
				EBADECB32D71347A00B56617 /* EmployeesViewModel.swift in Sources */,
				EB44DB5B2CFECF170070B827 /* DeviceLocations.swift in Sources */,
				EB44DB652CFF427F0070B827 /* Sysconf.swift in Sources */,
				EB3666362D15E81000810713 /* APIService.swift in Sources */,
				EB126FE32D6CE23500FC1BE6 /* NotificationScheduler.swift in Sources */,
				EBBC933C2C515E9400F3C8CD /* Login.swift in Sources */,
				EB44DB692CFF6F080070B827 /* TotalWorkEntry.swift in Sources */,
				EB6F03A22CEE172500190C0E /* Endpoints.swift in Sources */,
				EBF9DF9F2CED8E4C002D7FA1 /* ListRecordTotals.swift in Sources */,
				EB83A1B42C6BA23500E7D361 /* AppDelegate.swift in Sources */,
				EBBC933F2C515FC100F3C8CD /* View+extensions.swift in Sources */,
				EBBEB47A2D67A622005B9AEA /* TimeRecordsView.swift in Sources */,
				EBF9DF9D2CED8E30002D7FA1 /* ListRecordDetails.swift in Sources */,
				EBBEB4782D67A424005B9AEA /* TimeRecord.swift in Sources */,
				EB345D212CF781ED001A62C8 /* UserModel.swift in Sources */,
				EB44DB5D2CFF3F3D0070B827 /* WorkEntryDetails.swift in Sources */,
				EBDAF1172D6FDD940099D03C /* ProjectsViewModel.swift in Sources */,
				EB1763FB2D7B86430016A8C1 /* NotificationManager.swift in Sources */,
				EB345D162CF6A493001A62C8 /* RecordModel.swift in Sources */,
				EB44DB672CFF6D680070B827 /* NetworkListTotal.swift in Sources */,
				EB83A1542C6A6A3300E7D361 /* SplashView.swift in Sources */,
				EB3665FF2D08000600810713 /* EmployeeCodable.swift in Sources */,
				EBBEB46F2D67A24E005B9AEA /* LocationError.swift in Sources */,
				EBBEB4702D67A24E005B9AEA /* APIError.swift in Sources */,
				EBDAF11F2D7018F80099D03C /* BoxGPS.swift in Sources */,
				EBBEB4712D67A24E005B9AEA /* NetworkLocalizedError.swift in Sources */,
				EBBEB4722D67A24E005B9AEA /* APITimeRecords.swift in Sources */,
				EBDAF11A2D700B4C0099D03C /* MainTabView.swift in Sources */,
				EBDAF11B2D700B4C0099D03C /* SplashScreen.swift in Sources */,
				EBBEB4732D67A24E005B9AEA /* NetworkError.swift in Sources */,
				EB44DB632CFF40C20070B827 /* Project.swift in Sources */,
				EB36667C2D55A33300810713 /* RecordResponse.swift in Sources */,
				EB36667D2D55A33300810713 /* LoginResponse.swift in Sources */,
				EB36667E2D55A33300810713 /* WorkTimeResponse.swift in Sources */,
			);
			runOnlyForDeploymentPostprocessing = 0;
		};
		EBBC93172C512EBC00F3C8CD /* Sources */ = {
			isa = PBXSourcesBuildPhase;
			buildActionMask = 2147483647;
			files = (
				EBBC93202C512EBC00F3C8CD /* QGSTests.swift in Sources */,
			);
			runOnlyForDeploymentPostprocessing = 0;
		};
		EBBC93212C512EBC00F3C8CD /* Sources */ = {
			isa = PBXSourcesBuildPhase;
			buildActionMask = 2147483647;
			files = (
				EBBC932C2C512EBC00F3C8CD /* QGSUITestsLaunchTests.swift in Sources */,
				EBBC932A2C512EBC00F3C8CD /* QGSUITests.swift in Sources */,
			);
			runOnlyForDeploymentPostprocessing = 0;
		};
		EBD5316C2D71F941007BF316 /* Sources */ = {
			isa = PBXSourcesBuildPhase;
			buildActionMask = 2147483647;
			files = (
				EBD5316D2D71F941007BF316 /* NetworkManager.swift in Sources */,
				EBD5316E2D71F941007BF316 /* LoadingState.swift in Sources */,
				EBD5316F2D71F941007BF316 /* GoogleService-Info.plist in Sources */,
				EBD531702D71F941007BF316 /* RecordData.swift in Sources */,
				EBD531712D71F941007BF316 /* Colors.swift in Sources */,
				EBD531722D71F941007BF316 /* NetworkListDetails.swift in Sources */,
				EBD531732D71F941007BF316 /* PDFView.swift in Sources */,
				EBD531742D71F941007BF316 /* Migration.swift in Sources */,
				EBD531752D71F941007BF316 /* HomeRecord.swift in Sources */,
				EBD531762D71F941007BF316 /* Employee.swift in Sources */,
				EB1764052D7F23CC0016A8C1 /* EmployeeLocationViewModel.swift in Sources */,
				EB1764062D7F23CC0016A8C1 /* TimeRecordsViewModel.swift in Sources */,
				EB1764072D7F23CC0016A8C1 /* EmployeeDetailViewModel.swift in Sources */,
				EBD531772D71F941007BF316 /* ConfigurationView.swift in Sources */,
				EBD531782D71F941007BF316 /* LocationManager.swift in Sources */,
				EBD531792D71F941007BF316 /* APIServiceRecord.swift in Sources */,
				EB1764092D7F2D910016A8C1 /* EmployeeLocation.swift in Sources */,
				EBA23F9D2D7786CB00DAB27D /* LogScreen.swift in Sources */,
				EBD5317A2D71F941007BF316 /* RecordViewModel.swift in Sources */,
				EBD5317B2D71F941007BF316 /* LocationViewController.swift in Sources */,
				EBD5317C2D71F941007BF316 /* JsonServices.swift in Sources */,
				EBD5317D2D71F941007BF316 /* Utils.swift in Sources */,
				EBD5317E2D71F941007BF316 /* CustomTF.swift in Sources */,
				EBD5317F2D71F941007BF316 /* HeadSecondary.swift in Sources */,
				EBD531802D71F941007BF316 /* QGSApp.swift in Sources */,
				EBD531812D71F941007BF316 /* EmployeesViewModel.swift in Sources */,
				EBD531822D71F941007BF316 /* DeviceLocations.swift in Sources */,
				EBD531832D71F941007BF316 /* Sysconf.swift in Sources */,
				EBD531842D71F941007BF316 /* APIService.swift in Sources */,
				EBD531852D71F941007BF316 /* NotificationScheduler.swift in Sources */,
				EBD531862D71F941007BF316 /* Login.swift in Sources */,
				EBD531872D71F941007BF316 /* TotalWorkEntry.swift in Sources */,
				EBD531882D71F941007BF316 /* Endpoints.swift in Sources */,
				EBD531892D71F941007BF316 /* ListRecordTotals.swift in Sources */,
				EBD5318A2D71F941007BF316 /* AppDelegate.swift in Sources */,
				EBD5318B2D71F941007BF316 /* View+extensions.swift in Sources */,
				EBD5318C2D71F941007BF316 /* TimeRecordsView.swift in Sources */,
				EBD5318D2D71F941007BF316 /* ListRecordDetails.swift in Sources */,
				EBD5318E2D71F941007BF316 /* TimeRecord.swift in Sources */,
				EBD5318F2D71F941007BF316 /* UserModel.swift in Sources */,
				EBD531902D71F941007BF316 /* WorkEntryDetails.swift in Sources */,
				EBD531912D71F941007BF316 /* ProjectsViewModel.swift in Sources */,
				EB1763FC2D7B86430016A8C1 /* NotificationManager.swift in Sources */,
				EBD531922D71F941007BF316 /* RecordModel.swift in Sources */,
				EBD531932D71F941007BF316 /* NetworkListTotal.swift in Sources */,
				EBD531942D71F941007BF316 /* SplashView.swift in Sources */,
				EBD531952D71F941007BF316 /* EmployeeCodable.swift in Sources */,
				EBD531962D71F941007BF316 /* LocationError.swift in Sources */,
				EBD531972D71F941007BF316 /* APIError.swift in Sources */,
				EBD531982D71F941007BF316 /* BoxGPS.swift in Sources */,
				EBD531992D71F941007BF316 /* NetworkLocalizedError.swift in Sources */,
				EBD5319A2D71F941007BF316 /* APITimeRecords.swift in Sources */,
				EBD5319B2D71F941007BF316 /* MainTabView.swift in Sources */,
				EBD5319C2D71F941007BF316 /* SplashScreen.swift in Sources */,
				EBD5319D2D71F941007BF316 /* NetworkError.swift in Sources */,
				EBD5319E2D71F941007BF316 /* Project.swift in Sources */,
				EBD5319F2D71F941007BF316 /* RecordResponse.swift in Sources */,
				EBD531A02D71F941007BF316 /* LoginResponse.swift in Sources */,
				EBD531A12D71F941007BF316 /* WorkTimeResponse.swift in Sources */,
			);
			runOnlyForDeploymentPostprocessing = 0;
		};
/* End PBXSourcesBuildPhase section */

/* Begin PBXTargetDependency section */
		EBBC931D2C512EBC00F3C8CD /* PBXTargetDependency */ = {
			isa = PBXTargetDependency;
			target = EBBC930A2C512EBB00F3C8CD /* QGS */;
			targetProxy = EBBC931C2C512EBC00F3C8CD /* PBXContainerItemProxy */;
		};
		EBBC93272C512EBC00F3C8CD /* PBXTargetDependency */ = {
			isa = PBXTargetDependency;
			target = EBBC930A2C512EBB00F3C8CD /* QGS */;
			targetProxy = EBBC93262C512EBC00F3C8CD /* PBXContainerItemProxy */;
		};
/* End PBXTargetDependency section */

/* Begin XCBuildConfiguration section */
		EBBC932D2C512EBC00F3C8CD /* Debug */ = {
			isa = XCBuildConfiguration;
			buildSettings = {
				ALWAYS_SEARCH_USER_PATHS = NO;
				ASSETCATALOG_COMPILER_GENERATE_SWIFT_ASSET_SYMBOL_EXTENSIONS = YES;
				CLANG_ANALYZER_NONNULL = YES;
				CLANG_ANALYZER_NUMBER_OBJECT_CONVERSION = YES_AGGRESSIVE;
				CLANG_CXX_LANGUAGE_STANDARD = "gnu++20";
				CLANG_ENABLE_MODULES = YES;
				CLANG_ENABLE_OBJC_ARC = YES;
				CLANG_ENABLE_OBJC_WEAK = YES;
				CLANG_WARN_BLOCK_CAPTURE_AUTORELEASING = YES;
				CLANG_WARN_BOOL_CONVERSION = YES;
				CLANG_WARN_COMMA = YES;
				CLANG_WARN_CONSTANT_CONVERSION = YES;
				CLANG_WARN_DEPRECATED_OBJC_IMPLEMENTATIONS = YES;
				CLANG_WARN_DIRECT_OBJC_ISA_USAGE = YES_ERROR;
				CLANG_WARN_DOCUMENTATION_COMMENTS = YES;
				CLANG_WARN_EMPTY_BODY = YES;
				CLANG_WARN_ENUM_CONVERSION = YES;
				CLANG_WARN_INFINITE_RECURSION = YES;
				CLANG_WARN_INT_CONVERSION = YES;
				CLANG_WARN_NON_LITERAL_NULL_CONVERSION = YES;
				CLANG_WARN_OBJC_IMPLICIT_RETAIN_SELF = YES;
				CLANG_WARN_OBJC_LITERAL_CONVERSION = YES;
				CLANG_WARN_OBJC_ROOT_CLASS = YES_ERROR;
				CLANG_WARN_QUOTED_INCLUDE_IN_FRAMEWORK_HEADER = YES;
				CLANG_WARN_RANGE_LOOP_ANALYSIS = YES;
				CLANG_WARN_STRICT_PROTOTYPES = YES;
				CLANG_WARN_SUSPICIOUS_MOVE = YES;
				CLANG_WARN_UNGUARDED_AVAILABILITY = YES_AGGRESSIVE;
				CLANG_WARN_UNREACHABLE_CODE = YES;
				CLANG_WARN__DUPLICATE_METHOD_MATCH = YES;
				COPY_PHASE_STRIP = NO;
				DEBUG_INFORMATION_FORMAT = dwarf;
				ENABLE_STRICT_OBJC_MSGSEND = YES;
				ENABLE_TESTABILITY = YES;
				ENABLE_USER_SCRIPT_SANDBOXING = YES;
				GCC_C_LANGUAGE_STANDARD = gnu17;
				GCC_DYNAMIC_NO_PIC = NO;
				GCC_NO_COMMON_BLOCKS = YES;
				GCC_OPTIMIZATION_LEVEL = 0;
				GCC_PREPROCESSOR_DEFINITIONS = (
					"DEBUG=1",
					"$(inherited)",
				);
				GCC_WARN_64_TO_32_BIT_CONVERSION = YES;
				GCC_WARN_ABOUT_RETURN_TYPE = YES_ERROR;
				GCC_WARN_UNDECLARED_SELECTOR = YES;
				GCC_WARN_UNINITIALIZED_AUTOS = YES_AGGRESSIVE;
				GCC_WARN_UNUSED_FUNCTION = YES;
				GCC_WARN_UNUSED_VARIABLE = YES;
				IPHONEOS_DEPLOYMENT_TARGET = 17.5;
				LOCALIZATION_PREFERS_STRING_CATALOGS = YES;
				MTL_ENABLE_DEBUG_INFO = INCLUDE_SOURCE;
				MTL_FAST_MATH = YES;
				ONLY_ACTIVE_ARCH = YES;
				SDKROOT = iphoneos;
				SWIFT_ACTIVE_COMPILATION_CONDITIONS = "DEBUG $(inherited)";
				SWIFT_OPTIMIZATION_LEVEL = "-Onone";
			};
			name = Debug;
		};
		EBBC932E2C512EBC00F3C8CD /* Release */ = {
			isa = XCBuildConfiguration;
			buildSettings = {
				ALWAYS_SEARCH_USER_PATHS = NO;
				ASSETCATALOG_COMPILER_GENERATE_SWIFT_ASSET_SYMBOL_EXTENSIONS = YES;
				CLANG_ANALYZER_NONNULL = YES;
				CLANG_ANALYZER_NUMBER_OBJECT_CONVERSION = YES_AGGRESSIVE;
				CLANG_CXX_LANGUAGE_STANDARD = "gnu++20";
				CLANG_ENABLE_MODULES = YES;
				CLANG_ENABLE_OBJC_ARC = YES;
				CLANG_ENABLE_OBJC_WEAK = YES;
				CLANG_WARN_BLOCK_CAPTURE_AUTORELEASING = YES;
				CLANG_WARN_BOOL_CONVERSION = YES;
				CLANG_WARN_COMMA = YES;
				CLANG_WARN_CONSTANT_CONVERSION = YES;
				CLANG_WARN_DEPRECATED_OBJC_IMPLEMENTATIONS = YES;
				CLANG_WARN_DIRECT_OBJC_ISA_USAGE = YES_ERROR;
				CLANG_WARN_DOCUMENTATION_COMMENTS = YES;
				CLANG_WARN_EMPTY_BODY = YES;
				CLANG_WARN_ENUM_CONVERSION = YES;
				CLANG_WARN_INFINITE_RECURSION = YES;
				CLANG_WARN_INT_CONVERSION = YES;
				CLANG_WARN_NON_LITERAL_NULL_CONVERSION = YES;
				CLANG_WARN_OBJC_IMPLICIT_RETAIN_SELF = YES;
				CLANG_WARN_OBJC_LITERAL_CONVERSION = YES;
				CLANG_WARN_OBJC_ROOT_CLASS = YES_ERROR;
				CLANG_WARN_QUOTED_INCLUDE_IN_FRAMEWORK_HEADER = YES;
				CLANG_WARN_RANGE_LOOP_ANALYSIS = YES;
				CLANG_WARN_STRICT_PROTOTYPES = YES;
				CLANG_WARN_SUSPICIOUS_MOVE = YES;
				CLANG_WARN_UNGUARDED_AVAILABILITY = YES_AGGRESSIVE;
				CLANG_WARN_UNREACHABLE_CODE = YES;
				CLANG_WARN__DUPLICATE_METHOD_MATCH = YES;
				COPY_PHASE_STRIP = NO;
				DEBUG_INFORMATION_FORMAT = "dwarf-with-dsym";
				ENABLE_NS_ASSERTIONS = NO;
				ENABLE_STRICT_OBJC_MSGSEND = YES;
				ENABLE_USER_SCRIPT_SANDBOXING = YES;
				GCC_C_LANGUAGE_STANDARD = gnu17;
				GCC_NO_COMMON_BLOCKS = YES;
				GCC_WARN_64_TO_32_BIT_CONVERSION = YES;
				GCC_WARN_ABOUT_RETURN_TYPE = YES_ERROR;
				GCC_WARN_UNDECLARED_SELECTOR = YES;
				GCC_WARN_UNINITIALIZED_AUTOS = YES_AGGRESSIVE;
				GCC_WARN_UNUSED_FUNCTION = YES;
				GCC_WARN_UNUSED_VARIABLE = YES;
				IPHONEOS_DEPLOYMENT_TARGET = 17.5;
				LOCALIZATION_PREFERS_STRING_CATALOGS = YES;
				MTL_ENABLE_DEBUG_INFO = NO;
				MTL_FAST_MATH = YES;
				ONLY_ACTIVE_ARCH = NO;
				SDKROOT = iphoneos;
				SWIFT_COMPILATION_MODE = wholemodule;
				VALIDATE_PRODUCT = YES;
			};
			name = Release;
		};
		EBBC93302C512EBC00F3C8CD /* Debug */ = {
			isa = XCBuildConfiguration;
			buildSettings = {
				ASSETCATALOG_COMPILER_APPICON_NAME = AppIcon;
				ASSETCATALOG_COMPILER_GLOBAL_ACCENT_COLOR_NAME = AccentColor;
				ASSETCATALOG_COMPILER_INCLUDE_ALL_APPICON_ASSETS = NO;
				CODE_SIGN_ENTITLEMENTS = QGS/QGS.entitlements;
				CODE_SIGN_IDENTITY = "Apple Development";
				CODE_SIGN_STYLE = Automatic;
				CURRENT_PROJECT_VERSION = 2;
				DEVELOPMENT_ASSET_PATHS = "\"QGS/Preview Content\"";
				DEVELOPMENT_TEAM = V4NNXT68SN;
				ENABLE_PREVIEWS = YES;
				GENERATE_INFOPLIST_FILE = YES;
				INFOPLIST_FILE = QGS/Info.plist;
				INFOPLIST_KEY_CFBundleDisplayName = QGS;
				INFOPLIST_KEY_LSApplicationCategoryType = "public.app-category.productivity";
				INFOPLIST_KEY_NSLocationAlwaysAndWhenInUseUsageDescription = "La aplicación necesita acceso a tu ubicación para registrar tu entrada/salida";
				INFOPLIST_KEY_NSLocationWhenInUseUsageDescription = "La aplicación necesita acceso a tu ubicación para registrar tu entrada/salida";
				INFOPLIST_KEY_UIApplicationSceneManifest_Generation = YES;
				INFOPLIST_KEY_UIApplicationSupportsIndirectInputEvents = YES;
				INFOPLIST_KEY_UILaunchScreen_Generation = YES;
				INFOPLIST_KEY_UIStatusBarStyle = "";
				INFOPLIST_KEY_UISupportedInterfaceOrientations = UIInterfaceOrientationPortrait;
				INFOPLIST_KEY_UIUserInterfaceStyle = Light;
				INFOPLIST_KEY_WKRunsIndependentlyOfCompanionApp = YES;
				IPHONEOS_DEPLOYMENT_TARGET = 17.6;
				LD_RUNPATH_SEARCH_PATHS = (
					"$(inherited)",
					"@executable_path/Frameworks",
				);
				MARKETING_VERSION = 1.4.4;
				PRODUCT_BUNDLE_IDENTIFIER = com.friendlysystemgroup.CheckInQGS;
				PRODUCT_NAME = "$(TARGET_NAME)";
				PROVISIONING_PROFILE_SPECIFIER = "";
				SUPPORTED_PLATFORMS = "iphoneos iphonesimulator";
				SUPPORTS_MACCATALYST = NO;
				SUPPORTS_MAC_DESIGNED_FOR_IPHONE_IPAD = NO;
				SUPPORTS_XR_DESIGNED_FOR_IPHONE_IPAD = NO;
				SWIFT_EMIT_LOC_STRINGS = YES;
				SWIFT_VERSION = 5.0;
				TARGETED_DEVICE_FAMILY = 1;
			};
			name = Debug;
		};
		EBBC93312C512EBC00F3C8CD /* Release */ = {
			isa = XCBuildConfiguration;
			buildSettings = {
				ASSETCATALOG_COMPILER_APPICON_NAME = AppIcon;
				ASSETCATALOG_COMPILER_GLOBAL_ACCENT_COLOR_NAME = AccentColor;
				ASSETCATALOG_COMPILER_INCLUDE_ALL_APPICON_ASSETS = NO;
				CODE_SIGN_ENTITLEMENTS = QGS/QGS.entitlements;
				CODE_SIGN_IDENTITY = "Apple Development";
				CODE_SIGN_STYLE = Automatic;
				CURRENT_PROJECT_VERSION = 2;
				DEVELOPMENT_ASSET_PATHS = "\"QGS/Preview Content\"";
				DEVELOPMENT_TEAM = V4NNXT68SN;
				ENABLE_PREVIEWS = YES;
				GENERATE_INFOPLIST_FILE = YES;
				INFOPLIST_FILE = QGS/Info.plist;
				INFOPLIST_KEY_CFBundleDisplayName = QGS;
				INFOPLIST_KEY_LSApplicationCategoryType = "public.app-category.productivity";
				INFOPLIST_KEY_NSLocationAlwaysAndWhenInUseUsageDescription = "La aplicación necesita acceso a tu ubicación para registrar tu entrada/salida";
				INFOPLIST_KEY_NSLocationWhenInUseUsageDescription = "La aplicación necesita acceso a tu ubicación para registrar tu entrada/salida";
				INFOPLIST_KEY_UIApplicationSceneManifest_Generation = YES;
				INFOPLIST_KEY_UIApplicationSupportsIndirectInputEvents = YES;
				INFOPLIST_KEY_UILaunchScreen_Generation = YES;
				INFOPLIST_KEY_UIStatusBarStyle = "";
				INFOPLIST_KEY_UISupportedInterfaceOrientations = UIInterfaceOrientationPortrait;
				INFOPLIST_KEY_UIUserInterfaceStyle = Light;
				INFOPLIST_KEY_WKRunsIndependentlyOfCompanionApp = YES;
				IPHONEOS_DEPLOYMENT_TARGET = 17.6;
				LD_RUNPATH_SEARCH_PATHS = (
					"$(inherited)",
					"@executable_path/Frameworks",
				);
				MARKETING_VERSION = 1.4.4;
				PRODUCT_BUNDLE_IDENTIFIER = com.friendlysystemgroup.CheckInQGS;
				PRODUCT_NAME = "$(TARGET_NAME)";
				PROVISIONING_PROFILE_SPECIFIER = "";
				SUPPORTED_PLATFORMS = "iphoneos iphonesimulator";
				SUPPORTS_MACCATALYST = NO;
				SUPPORTS_MAC_DESIGNED_FOR_IPHONE_IPAD = NO;
				SUPPORTS_XR_DESIGNED_FOR_IPHONE_IPAD = NO;
				SWIFT_EMIT_LOC_STRINGS = YES;
				SWIFT_VERSION = 5.0;
				TARGETED_DEVICE_FAMILY = 1;
			};
			name = Release;
		};
		EBBC93332C512EBC00F3C8CD /* Debug */ = {
			isa = XCBuildConfiguration;
			buildSettings = {
				BUNDLE_LOADER = "$(TEST_HOST)";
				"CODE_SIGN_IDENTITY[sdk=iphoneos*]" = "iPhone Developer";
				"CODE_SIGN_IDENTITY[sdk=macosx*]" = "Apple Development";
				CODE_SIGN_STYLE = Manual;
				CURRENT_PROJECT_VERSION = 1;
				DEVELOPMENT_TEAM = "";
				"DEVELOPMENT_TEAM[sdk=iphoneos*]" = Y6VX3B6HKP;
				"DEVELOPMENT_TEAM[sdk=macosx*]" = Y6VX3B6HKP;
				GENERATE_INFOPLIST_FILE = YES;
				IPHONEOS_DEPLOYMENT_TARGET = 17.5;
				MARKETING_VERSION = 1.0;
				PRODUCT_BUNDLE_IDENTIFIER = com.friendlysystemgroup.QGSCheckInTests1;
				"PRODUCT_BUNDLE_IDENTIFIER[sdk=iphoneos*]" = om.friendlysystemgroup.QGSCheckInTests1;
				"PRODUCT_BUNDLE_IDENTIFIER[sdk=macosx*]" = om.friendlysystemgroup.QGSCheckInTests1;
				PRODUCT_NAME = "$(TARGET_NAME)";
				PROVISIONING_PROFILE_SPECIFIER = "";
				SWIFT_EMIT_LOC_STRINGS = NO;
				SWIFT_VERSION = 5.0;
				TARGETED_DEVICE_FAMILY = "1,2";
				TEST_HOST = "$(BUILT_PRODUCTS_DIR)/QGS.app/$(BUNDLE_EXECUTABLE_FOLDER_PATH)/QGS";
			};
			name = Debug;
		};
		EBBC93342C512EBC00F3C8CD /* Release */ = {
			isa = XCBuildConfiguration;
			buildSettings = {
				BUNDLE_LOADER = "$(TEST_HOST)";
				CODE_SIGN_STYLE = Manual;
				CURRENT_PROJECT_VERSION = 1;
				DEVELOPMENT_TEAM = "";
				"DEVELOPMENT_TEAM[sdk=iphoneos*]" = 8GH8HVSH94;
				"DEVELOPMENT_TEAM[sdk=macosx*]" = 8GH8HVSH94;
				GENERATE_INFOPLIST_FILE = YES;
				IPHONEOS_DEPLOYMENT_TARGET = 17.5;
				MARKETING_VERSION = 1.0;
				PRODUCT_BUNDLE_IDENTIFIER = com.friendlysystemgroup.QGSCheckInTests1;
				"PRODUCT_BUNDLE_IDENTIFIER[sdk=iphoneos*]" = om.friendlysystemgroup.QGSCheckInTests1;
				"PRODUCT_BUNDLE_IDENTIFIER[sdk=macosx*]" = om.friendlysystemgroup.QGSCheckInTests1;
				PRODUCT_NAME = "$(TARGET_NAME)";
				PROVISIONING_PROFILE_SPECIFIER = "";
				SWIFT_EMIT_LOC_STRINGS = NO;
				SWIFT_VERSION = 5.0;
				TARGETED_DEVICE_FAMILY = "1,2";
				TEST_HOST = "$(BUILT_PRODUCTS_DIR)/QGS.app/$(BUNDLE_EXECUTABLE_FOLDER_PATH)/QGS";
			};
			name = Release;
		};
		EBBC93362C512EBC00F3C8CD /* Debug */ = {
			isa = XCBuildConfiguration;
			buildSettings = {
				"CODE_SIGN_IDENTITY[sdk=macosx*]" = "Apple Development";
				CODE_SIGN_STYLE = Automatic;
				CURRENT_PROJECT_VERSION = 1;
				DEVELOPMENT_TEAM = Y6VX3B6HKP;
				GENERATE_INFOPLIST_FILE = YES;
				MARKETING_VERSION = 1.0;
				PRODUCT_BUNDLE_IDENTIFIER = com.friendlysystemgroup.QGSCheckInUITests;
				PRODUCT_NAME = "$(TARGET_NAME)";
				SWIFT_EMIT_LOC_STRINGS = NO;
				SWIFT_VERSION = 5.0;
				TARGETED_DEVICE_FAMILY = "1,2";
				TEST_TARGET_NAME = QGS;
			};
			name = Debug;
		};
		EBBC93372C512EBC00F3C8CD /* Release */ = {
			isa = XCBuildConfiguration;
			buildSettings = {
				"CODE_SIGN_IDENTITY[sdk=macosx*]" = "Apple Development";
				CODE_SIGN_STYLE = Automatic;
				CURRENT_PROJECT_VERSION = 1;
				DEVELOPMENT_TEAM = 8GH8HVSH94;
				GENERATE_INFOPLIST_FILE = YES;
				MARKETING_VERSION = 1.0;
				PRODUCT_BUNDLE_IDENTIFIER = com.friendlysystemgroup.QGSCheckInUITests;
				PRODUCT_NAME = "$(TARGET_NAME)";
				SWIFT_EMIT_LOC_STRINGS = NO;
				SWIFT_VERSION = 5.0;
				TARGETED_DEVICE_FAMILY = "1,2";
				TEST_TARGET_NAME = QGS;
			};
			name = Release;
		};
		EBD531AF2D71F941007BF316 /* Debug */ = {
			isa = XCBuildConfiguration;
			buildSettings = {
				ASSETCATALOG_COMPILER_APPICON_NAME = "AppIcon-iOS";
				ASSETCATALOG_COMPILER_GLOBAL_ACCENT_COLOR_NAME = AccentColor;
				ASSETCATALOG_COMPILER_INCLUDE_ALL_APPICON_ASSETS = NO;
				CODE_SIGN_ENTITLEMENTS = QGS/QGS.entitlements;
				CODE_SIGN_IDENTITY = "Apple Development";
				CODE_SIGN_STYLE = Automatic;
				CURRENT_PROJECT_VERSION = 1;
				DEVELOPMENT_ASSET_PATHS = "\"QGS/Preview Content\"";
				DEVELOPMENT_TEAM = V4NNXT68SN;
				ENABLE_PREVIEWS = YES;
				GENERATE_INFOPLIST_FILE = YES;
				INFOPLIST_FILE = "FriendlyCheckInOut-Info.plist";
				INFOPLIST_KEY_CFBundleDisplayName = FriendlyCheckInOut;
				INFOPLIST_KEY_LSApplicationCategoryType = "public.app-category.productivity";
				INFOPLIST_KEY_NSLocationAlwaysAndWhenInUseUsageDescription = "La aplicación necesita acceso a tu ubicación para registrar tu entrada/salida";
				INFOPLIST_KEY_NSLocationWhenInUseUsageDescription = "La aplicación necesita acceso a tu ubicación para registrar tu entrada/salida";
				INFOPLIST_KEY_UIApplicationSceneManifest_Generation = YES;
				INFOPLIST_KEY_UIApplicationSupportsIndirectInputEvents = YES;
				INFOPLIST_KEY_UILaunchScreen_Generation = YES;
				INFOPLIST_KEY_UIStatusBarStyle = UIStatusBarStyleLightContent;
				INFOPLIST_KEY_UISupportedInterfaceOrientations = UIInterfaceOrientationPortrait;
				INFOPLIST_KEY_UIUserInterfaceStyle = Light;
				INFOPLIST_KEY_WKRunsIndependentlyOfCompanionApp = YES;
				IPHONEOS_DEPLOYMENT_TARGET = 17.6;
				LD_RUNPATH_SEARCH_PATHS = (
					"$(inherited)",
					"@executable_path/Frameworks",
				);
				MACOSX_DEPLOYMENT_TARGET = 12.4;
				MARKETING_VERSION = 1.0.0;
				PRODUCT_BUNDLE_IDENTIFIER = com.friendlysystemgroup.FriendlyCheckInOut;
				PRODUCT_NAME = "$(TARGET_NAME)";
				PROVISIONING_PROFILE_SPECIFIER = "";
				REGISTER_APP_GROUPS = NO;
				SUPPORTED_PLATFORMS = "iphoneos iphonesimulator";
				SUPPORTS_MACCATALYST = NO;
				SUPPORTS_MAC_DESIGNED_FOR_IPHONE_IPAD = NO;
				SUPPORTS_XR_DESIGNED_FOR_IPHONE_IPAD = NO;
				SWIFT_EMIT_LOC_STRINGS = YES;
				SWIFT_VERSION = 5.0;
				TARGETED_DEVICE_FAMILY = "1,2";
			};
			name = Debug;
		};
		EBD531B02D71F941007BF316 /* Release */ = {
			isa = XCBuildConfiguration;
			buildSettings = {
				ASSETCATALOG_COMPILER_APPICON_NAME = "AppIcon-iOS";
				ASSETCATALOG_COMPILER_GLOBAL_ACCENT_COLOR_NAME = AccentColor;
				ASSETCATALOG_COMPILER_INCLUDE_ALL_APPICON_ASSETS = NO;
				CODE_SIGN_ENTITLEMENTS = QGS/QGS.entitlements;
				CODE_SIGN_IDENTITY = "Apple Development";
				CODE_SIGN_STYLE = Automatic;
				CURRENT_PROJECT_VERSION = 1;
				DEVELOPMENT_ASSET_PATHS = "\"QGS/Preview Content\"";
				DEVELOPMENT_TEAM = V4NNXT68SN;
				ENABLE_PREVIEWS = YES;
				GENERATE_INFOPLIST_FILE = YES;
				INFOPLIST_FILE = "FriendlyCheckInOut-Info.plist";
				INFOPLIST_KEY_CFBundleDisplayName = FriendlyCheckInOut;
				INFOPLIST_KEY_LSApplicationCategoryType = "public.app-category.productivity";
				INFOPLIST_KEY_NSLocationAlwaysAndWhenInUseUsageDescription = "La aplicación necesita acceso a tu ubicación para registrar tu entrada/salida";
				INFOPLIST_KEY_NSLocationWhenInUseUsageDescription = "La aplicación necesita acceso a tu ubicación para registrar tu entrada/salida";
				INFOPLIST_KEY_UIApplicationSceneManifest_Generation = YES;
				INFOPLIST_KEY_UIApplicationSupportsIndirectInputEvents = YES;
				INFOPLIST_KEY_UILaunchScreen_Generation = YES;
				INFOPLIST_KEY_UIStatusBarStyle = UIStatusBarStyleLightContent;
				INFOPLIST_KEY_UISupportedInterfaceOrientations = UIInterfaceOrientationPortrait;
				INFOPLIST_KEY_UIUserInterfaceStyle = Light;
				INFOPLIST_KEY_WKRunsIndependentlyOfCompanionApp = YES;
				IPHONEOS_DEPLOYMENT_TARGET = 17.6;
				LD_RUNPATH_SEARCH_PATHS = (
					"$(inherited)",
					"@executable_path/Frameworks",
				);
				MACOSX_DEPLOYMENT_TARGET = 12.4;
				MARKETING_VERSION = 1.0.0;
				PRODUCT_BUNDLE_IDENTIFIER = com.friendlysystemgroup.FriendlyCheckInOut;
				PRODUCT_NAME = "$(TARGET_NAME)";
				PROVISIONING_PROFILE_SPECIFIER = "";
				REGISTER_APP_GROUPS = NO;
				SUPPORTED_PLATFORMS = "iphoneos iphonesimulator";
				SUPPORTS_MACCATALYST = NO;
				SUPPORTS_MAC_DESIGNED_FOR_IPHONE_IPAD = NO;
				SUPPORTS_XR_DESIGNED_FOR_IPHONE_IPAD = NO;
				SWIFT_EMIT_LOC_STRINGS = YES;
				SWIFT_VERSION = 5.0;
				TARGETED_DEVICE_FAMILY = "1,2";
			};
			name = Release;
		};
/* End XCBuildConfiguration section */

/* Begin XCConfigurationList section */
		EBBC93062C512EBB00F3C8CD /* Build configuration list for PBXProject "QGS" */ = {
			isa = XCConfigurationList;
			buildConfigurations = (
				EBBC932D2C512EBC00F3C8CD /* Debug */,
				EBBC932E2C512EBC00F3C8CD /* Release */,
			);
			defaultConfigurationIsVisible = 0;
			defaultConfigurationName = Release;
		};
		EBBC932F2C512EBC00F3C8CD /* Build configuration list for PBXNativeTarget "QGS" */ = {
			isa = XCConfigurationList;
			buildConfigurations = (
				EBBC93302C512EBC00F3C8CD /* Debug */,
				EBBC93312C512EBC00F3C8CD /* Release */,
			);
			defaultConfigurationIsVisible = 0;
			defaultConfigurationName = Release;
		};
		EBBC93322C512EBC00F3C8CD /* Build configuration list for PBXNativeTarget "QGSTests" */ = {
			isa = XCConfigurationList;
			buildConfigurations = (
				EBBC93332C512EBC00F3C8CD /* Debug */,
				EBBC93342C512EBC00F3C8CD /* Release */,
			);
			defaultConfigurationIsVisible = 0;
			defaultConfigurationName = Release;
		};
		EBBC93352C512EBC00F3C8CD /* Build configuration list for PBXNativeTarget "QGSUITests" */ = {
			isa = XCConfigurationList;
			buildConfigurations = (
				EBBC93362C512EBC00F3C8CD /* Debug */,
				EBBC93372C512EBC00F3C8CD /* Release */,
			);
			defaultConfigurationIsVisible = 0;
			defaultConfigurationName = Release;
		};
		EBD531AE2D71F941007BF316 /* Build configuration list for PBXNativeTarget "FriendlyCheckInOut" */ = {
			isa = XCConfigurationList;
			buildConfigurations = (
				EBD531AF2D71F941007BF316 /* Debug */,
				EBD531B02D71F941007BF316 /* Release */,
			);
			defaultConfigurationIsVisible = 0;
			defaultConfigurationName = Release;
		};
/* End XCConfigurationList section */

/* Begin XCRemoteSwiftPackageReference section */
		EBBEB47D2D68AD78005B9AEA /* XCRemoteSwiftPackageReference "firebase-ios-sdk" */ = {
			isa = XCRemoteSwiftPackageReference;
			repositoryURL = "https://github.com/firebase/firebase-ios-sdk";
			requirement = {
				kind = upToNextMajorVersion;
				minimumVersion = 11.8.1;
			};
		};
		EBD531652D71F941007BF316 /* XCRemoteSwiftPackageReference "firebase-ios-sdk" */ = {
			isa = XCRemoteSwiftPackageReference;
			repositoryURL = "https://github.com/firebase/firebase-ios-sdk";
			requirement = {
				kind = upToNextMajorVersion;
				minimumVersion = 11.8.1;
			};
		};
/* End XCRemoteSwiftPackageReference section */

/* Begin XCSwiftPackageProductDependency section */
		EB1763FD2D7B924C0016A8C1 /* FirebaseFirestore */ = {
			isa = XCSwiftPackageProductDependency;
			package = EBBEB47D2D68AD78005B9AEA /* XCRemoteSwiftPackageReference "firebase-ios-sdk" */;
			productName = FirebaseFirestore;
		};
		EB84DB8C2D68E52A0062D13B /* FirebaseCore */ = {
			isa = XCSwiftPackageProductDependency;
			package = EBBEB47D2D68AD78005B9AEA /* XCRemoteSwiftPackageReference "firebase-ios-sdk" */;
			productName = FirebaseCore;
		};
		EB90F79A2D68CBAF00684251 /* FirebaseMessaging */ = {
			isa = XCSwiftPackageProductDependency;
			package = EBBEB47D2D68AD78005B9AEA /* XCRemoteSwiftPackageReference "firebase-ios-sdk" */;
			productName = FirebaseMessaging;
		};
		EBBEB47E2D68AD78005B9AEA /* FirebaseAnalytics */ = {
			isa = XCSwiftPackageProductDependency;
			package = EBBEB47D2D68AD78005B9AEA /* XCRemoteSwiftPackageReference "firebase-ios-sdk" */;
			productName = FirebaseAnalytics;
		};
		EBBEB4802D68AD78005B9AEA /* FirebaseAnalyticsOnDeviceConversion */ = {
			isa = XCSwiftPackageProductDependency;
			package = EBBEB47D2D68AD78005B9AEA /* XCRemoteSwiftPackageReference "firebase-ios-sdk" */;
			productName = FirebaseAnalyticsOnDeviceConversion;
		};
		EBBEB4822D68AD78005B9AEA /* FirebaseAnalyticsWithoutAdIdSupport */ = {
			isa = XCSwiftPackageProductDependency;
			package = EBBEB47D2D68AD78005B9AEA /* XCRemoteSwiftPackageReference "firebase-ios-sdk" */;
			productName = FirebaseAnalyticsWithoutAdIdSupport;
		};
		EBBEB4842D68AD78005B9AEA /* FirebaseAppCheck */ = {
			isa = XCSwiftPackageProductDependency;
			package = EBBEB47D2D68AD78005B9AEA /* XCRemoteSwiftPackageReference "firebase-ios-sdk" */;
			productName = FirebaseAppCheck;
		};
		EBBEB4862D68AD78005B9AEA /* FirebaseAppDistribution-Beta */ = {
			isa = XCSwiftPackageProductDependency;
			package = EBBEB47D2D68AD78005B9AEA /* XCRemoteSwiftPackageReference "firebase-ios-sdk" */;
			productName = "FirebaseAppDistribution-Beta";
		};
		EBD531642D71F941007BF316 /* FirebaseAnalytics */ = {
			isa = XCSwiftPackageProductDependency;
			package = EBD531652D71F941007BF316 /* XCRemoteSwiftPackageReference "firebase-ios-sdk" */;
			productName = FirebaseAnalytics;
		};
		EBD531662D71F941007BF316 /* FirebaseAnalyticsOnDeviceConversion */ = {
			isa = XCSwiftPackageProductDependency;
			package = EBD531652D71F941007BF316 /* XCRemoteSwiftPackageReference "firebase-ios-sdk" */;
			productName = FirebaseAnalyticsOnDeviceConversion;
		};
		EBD531672D71F941007BF316 /* FirebaseAnalyticsWithoutAdIdSupport */ = {
			isa = XCSwiftPackageProductDependency;
			package = EBD531652D71F941007BF316 /* XCRemoteSwiftPackageReference "firebase-ios-sdk" */;
			productName = FirebaseAnalyticsWithoutAdIdSupport;
		};
		EBD531682D71F941007BF316 /* FirebaseAppCheck */ = {
			isa = XCSwiftPackageProductDependency;
			package = EBD531652D71F941007BF316 /* XCRemoteSwiftPackageReference "firebase-ios-sdk" */;
			productName = FirebaseAppCheck;
		};
		EBD531692D71F941007BF316 /* FirebaseAppDistribution-Beta */ = {
			isa = XCSwiftPackageProductDependency;
			package = EBD531652D71F941007BF316 /* XCRemoteSwiftPackageReference "firebase-ios-sdk" */;
			productName = "FirebaseAppDistribution-Beta";
		};
		EBD5316A2D71F941007BF316 /* FirebaseMessaging */ = {
			isa = XCSwiftPackageProductDependency;
			package = EBD531652D71F941007BF316 /* XCRemoteSwiftPackageReference "firebase-ios-sdk" */;
			productName = FirebaseMessaging;
		};
		EBD5316B2D71F941007BF316 /* FirebaseCore */ = {
			isa = XCSwiftPackageProductDependency;
			package = EBD531652D71F941007BF316 /* XCRemoteSwiftPackageReference "firebase-ios-sdk" */;
			productName = FirebaseCore;
		};
/* End XCSwiftPackageProductDependency section */
	};
	rootObject = EBBC93032C512EBB00F3C8CD /* Project object */;
}
