// !$*UTF8*$!
{
	archiveVersion = 1;
	classes = {
	};
	objectVersion = 70;
	objects = {

/* Begin PBXBuildFile section */
		EB345D142CF4BC42001A62C8 /* ModalView.swift in Sources */ = {isa = PBXBuildFile; fileRef = EB345D132CF4BC42001A62C8 /* ModalView.swift */; };
		EB345D162CF6A493001A62C8 /* RecordModel.swift in Sources */ = {isa = PBXBuildFile; fileRef = EB345D152CF6A47B001A62C8 /* RecordModel.swift */; };
		EB345D182CF6DBB1001A62C8 /* JsonServices.swift in Sources */ = {isa = PBXBuildFile; fileRef = EB345D172CF6DB9F001A62C8 /* JsonServices.swift */; };
		EB345D1A2CF74DA8001A62C8 /* Utils.swift in Sources */ = {isa = PBXBuildFile; fileRef = EB345D192CF74D9D001A62C8 /* Utils.swift */; };
		EB345D212CF781ED001A62C8 /* UserModel.swift in Sources */ = {isa = PBXBuildFile; fileRef = EB345D202CF781E7001A62C8 /* UserModel.swift */; };
		EB3665F12D066DCE00810713 /* Localizable.strings in Resources */ = {isa = PBXBuildFile; fileRef = EB3665F02D066DB600810713 /* Localizable.strings */; };
		EB3665FF2D08000600810713 /* EmployeeCodable.swift in Sources */ = {isa = PBXBuildFile; fileRef = EB3665FE2D08000600810713 /* EmployeeCodable.swift */; };
		EB44DB302CFE00410070B827 /* NetworkManager.swift in Sources */ = {isa = PBXBuildFile; fileRef = EB44DB2F2CFE00340070B827 /* NetworkManager.swift */; };
		EB44DB392CFE4D800070B827 /* NetworkListDetails.swift in Sources */ = {isa = PBXBuildFile; fileRef = EB44DB382CFE4D680070B827 /* NetworkListDetails.swift */; };
		EB44DB5B2CFECF170070B827 /* DeviceLocations.swift in Sources */ = {isa = PBXBuildFile; fileRef = EB44DB5A2CFECF090070B827 /* DeviceLocations.swift */; };
		EB44DB5D2CFF3F3D0070B827 /* WorkEntryDetails.swift in Sources */ = {isa = PBXBuildFile; fileRef = EB44DB5C2CFF3F290070B827 /* WorkEntryDetails.swift */; };
		EB44DB612CFF40730070B827 /* Employee.swift in Sources */ = {isa = PBXBuildFile; fileRef = EB44DB602CFF406C0070B827 /* Employee.swift */; };
		EB44DB632CFF40C20070B827 /* Project.swift in Sources */ = {isa = PBXBuildFile; fileRef = EB44DB622CFF40BD0070B827 /* Project.swift */; };
		EB44DB652CFF427F0070B827 /* Sysconf.swift in Sources */ = {isa = PBXBuildFile; fileRef = EB44DB642CFF42780070B827 /* Sysconf.swift */; };
		EB44DB672CFF6D680070B827 /* NetworkListTotal.swift in Sources */ = {isa = PBXBuildFile; fileRef = EB44DB662CFF6D680070B827 /* NetworkListTotal.swift */; };
		EB44DB692CFF6F080070B827 /* TotalWorkEntry.swift in Sources */ = {isa = PBXBuildFile; fileRef = EB44DB682CFF6EF80070B827 /* TotalWorkEntry.swift */; };
		EB44DBA12D0309C50070B827 /* APIServiceRecord.swift in Sources */ = {isa = PBXBuildFile; fileRef = EB44DBA02D0309C20070B827 /* APIServiceRecord.swift */; };
		EB6D31C92CECCD17000E02E7 /* BoxGPS.swift in Sources */ = {isa = PBXBuildFile; fileRef = EB6D31C82CECCD17000E02E7 /* BoxGPS.swift */; };
		EB6F03A22CEE172500190C0E /* Endpoints.swift in Sources */ = {isa = PBXBuildFile; fileRef = EB6F03A12CEE171300190C0E /* Endpoints.swift */; };
		EB83A1542C6A6A3300E7D361 /* SplashView.swift in Sources */ = {isa = PBXBuildFile; fileRef = EB83A1532C6A6A3300E7D361 /* SplashView.swift */; };
		EB83A1B42C6BA23500E7D361 /* AppDelegate.swift in Sources */ = {isa = PBXBuildFile; fileRef = EB83A1B32C6BA23500E7D361 /* AppDelegate.swift */; };
		EBBC930F2C512EBB00F3C8CD /* QGSApp.swift in Sources */ = {isa = PBXBuildFile; fileRef = EBBC930E2C512EBB00F3C8CD /* QGSApp.swift */; };
		EBBC93132C512EBC00F3C8CD /* Assets.xcassets in Resources */ = {isa = PBXBuildFile; fileRef = EBBC93122C512EBC00F3C8CD /* Assets.xcassets */; };
		EBBC93162C512EBC00F3C8CD /* Preview Assets.xcassets in Resources */ = {isa = PBXBuildFile; fileRef = EBBC93152C512EBC00F3C8CD /* Preview Assets.xcassets */; };
		EBBC93202C512EBC00F3C8CD /* QGSTests.swift in Sources */ = {isa = PBXBuildFile; fileRef = EBBC931F2C512EBC00F3C8CD /* QGSTests.swift */; };
		EBBC932A2C512EBC00F3C8CD /* QGSUITests.swift in Sources */ = {isa = PBXBuildFile; fileRef = EBBC93292C512EBC00F3C8CD /* QGSUITests.swift */; };
		EBBC932C2C512EBC00F3C8CD /* QGSUITestsLaunchTests.swift in Sources */ = {isa = PBXBuildFile; fileRef = EBBC932B2C512EBC00F3C8CD /* QGSUITestsLaunchTests.swift */; };
		EBBC93392C51336400F3C8CD /* Colors.swift in Sources */ = {isa = PBXBuildFile; fileRef = EBBC93382C51336400F3C8CD /* Colors.swift */; };
		EBBC933C2C515E9400F3C8CD /* Login.swift in Sources */ = {isa = PBXBuildFile; fileRef = EBBC933B2C515E9400F3C8CD /* Login.swift */; };
		EBBC933F2C515FC100F3C8CD /* View+extensions.swift in Sources */ = {isa = PBXBuildFile; fileRef = EBBC933E2C515FC100F3C8CD /* View+extensions.swift */; };
		EBBC93412C5161CD00F3C8CD /* CustomTF.swift in Sources */ = {isa = PBXBuildFile; fileRef = EBBC93402C5161CD00F3C8CD /* CustomTF.swift */; };
		EBE614982C5AE4FA00197660 /* HomeRecord.swift in Sources */ = {isa = PBXBuildFile; fileRef = EBE614972C5AE4FA00197660 /* HomeRecord.swift */; };
		EBE6149A2C5AFA5D00197660 /* LocationViewController.swift in Sources */ = {isa = PBXBuildFile; fileRef = EBE614992C5AFA5D00197660 /* LocationViewController.swift */; };
		EBF9DF9D2CED8E30002D7FA1 /* ListRecordDetails.swift in Sources */ = {isa = PBXBuildFile; fileRef = EBF9DF9C2CED8E1D002D7FA1 /* ListRecordDetails.swift */; };
		EBF9DF9F2CED8E4C002D7FA1 /* ListRecordTotals.swift in Sources */ = {isa = PBXBuildFile; fileRef = EBF9DF9E2CED8E38002D7FA1 /* ListRecordTotals.swift */; };
		EBF9DFA12CED8F2F002D7FA1 /* HeadSecondary.swift in Sources */ = {isa = PBXBuildFile; fileRef = EBF9DFA02CED8F1C002D7FA1 /* HeadSecondary.swift */; };
/* End PBXBuildFile section */

/* Begin PBXContainerItemProxy section */
		EBBC931C2C512EBC00F3C8CD /* PBXContainerItemProxy */ = {
			isa = PBXContainerItemProxy;
			containerPortal = EBBC93032C512EBB00F3C8CD /* Project object */;
			proxyType = 1;
			remoteGlobalIDString = EBBC930A2C512EBB00F3C8CD;
			remoteInfo = QGS;
		};
		EBBC93262C512EBC00F3C8CD /* PBXContainerItemProxy */ = {
			isa = PBXContainerItemProxy;
			containerPortal = EBBC93032C512EBB00F3C8CD /* Project object */;
			proxyType = 1;
			remoteGlobalIDString = EBBC930A2C512EBB00F3C8CD;
			remoteInfo = QGS;
		};
/* End PBXContainerItemProxy section */

/* Begin PBXFileReference section */
		EB345D132CF4BC42001A62C8 /* ModalView.swift */ = {isa = PBXFileReference; lastKnownFileType = sourcecode.swift; path = ModalView.swift; sourceTree = "<group>"; };
		EB345D152CF6A47B001A62C8 /* RecordModel.swift */ = {isa = PBXFileReference; lastKnownFileType = sourcecode.swift; path = RecordModel.swift; sourceTree = "<group>"; };
		EB345D172CF6DB9F001A62C8 /* JsonServices.swift */ = {isa = PBXFileReference; lastKnownFileType = sourcecode.swift; path = JsonServices.swift; sourceTree = "<group>"; };
		EB345D192CF74D9D001A62C8 /* Utils.swift */ = {isa = PBXFileReference; lastKnownFileType = sourcecode.swift; path = Utils.swift; sourceTree = "<group>"; };
		EB345D202CF781E7001A62C8 /* UserModel.swift */ = {isa = PBXFileReference; lastKnownFileType = sourcecode.swift; path = UserModel.swift; sourceTree = "<group>"; };
		EB3665F02D066DB600810713 /* Localizable.strings */ = {isa = PBXFileReference; lastKnownFileType = text.plist.strings; path = Localizable.strings; sourceTree = "<group>"; };
		EB3665FE2D08000600810713 /* EmployeeCodable.swift */ = {isa = PBXFileReference; lastKnownFileType = sourcecode.swift; path = EmployeeCodable.swift; sourceTree = "<group>"; };
		EB44DB2F2CFE00340070B827 /* NetworkManager.swift */ = {isa = PBXFileReference; lastKnownFileType = sourcecode.swift; path = NetworkManager.swift; sourceTree = "<group>"; };
		EB44DB382CFE4D680070B827 /* NetworkListDetails.swift */ = {isa = PBXFileReference; lastKnownFileType = sourcecode.swift; path = NetworkListDetails.swift; sourceTree = "<group>"; };
		EB44DB5A2CFECF090070B827 /* DeviceLocations.swift */ = {isa = PBXFileReference; lastKnownFileType = sourcecode.swift; path = DeviceLocations.swift; sourceTree = "<group>"; };
		EB44DB5C2CFF3F290070B827 /* WorkEntryDetails.swift */ = {isa = PBXFileReference; lastKnownFileType = sourcecode.swift; path = WorkEntryDetails.swift; sourceTree = "<group>"; };
		EB44DB602CFF406C0070B827 /* Employee.swift */ = {isa = PBXFileReference; lastKnownFileType = sourcecode.swift; path = Employee.swift; sourceTree = "<group>"; };
		EB44DB622CFF40BD0070B827 /* Project.swift */ = {isa = PBXFileReference; lastKnownFileType = sourcecode.swift; path = Project.swift; sourceTree = "<group>"; };
		EB44DB642CFF42780070B827 /* Sysconf.swift */ = {isa = PBXFileReference; lastKnownFileType = sourcecode.swift; path = Sysconf.swift; sourceTree = "<group>"; };
		EB44DB662CFF6D680070B827 /* NetworkListTotal.swift */ = {isa = PBXFileReference; lastKnownFileType = sourcecode.swift; path = NetworkListTotal.swift; sourceTree = "<group>"; };
		EB44DB682CFF6EF80070B827 /* TotalWorkEntry.swift */ = {isa = PBXFileReference; lastKnownFileType = sourcecode.swift; path = TotalWorkEntry.swift; sourceTree = "<group>"; };
		EB44DBA02D0309C20070B827 /* APIServiceRecord.swift */ = {isa = PBXFileReference; lastKnownFileType = sourcecode.swift; path = APIServiceRecord.swift; sourceTree = "<group>"; };
		EB6D31C82CECCD17000E02E7 /* BoxGPS.swift */ = {isa = PBXFileReference; lastKnownFileType = sourcecode.swift; path = BoxGPS.swift; sourceTree = "<group>"; };
		EB6F03A12CEE171300190C0E /* Endpoints.swift */ = {isa = PBXFileReference; lastKnownFileType = sourcecode.swift; path = Endpoints.swift; sourceTree = "<group>"; };
		EB83A1532C6A6A3300E7D361 /* SplashView.swift */ = {isa = PBXFileReference; lastKnownFileType = sourcecode.swift; path = SplashView.swift; sourceTree = "<group>"; };
		EB83A1B32C6BA23500E7D361 /* AppDelegate.swift */ = {isa = PBXFileReference; lastKnownFileType = sourcecode.swift; path = AppDelegate.swift; sourceTree = "<group>"; };
		EB86403C2C66400A0072534E /* QGS.entitlements */ = {isa = PBXFileReference; lastKnownFileType = text.plist.entitlements; path = QGS.entitlements; sourceTree = "<group>"; };
		EBBC930B2C512EBB00F3C8CD /* QGS.app */ = {isa = PBXFileReference; explicitFileType = wrapper.application; includeInIndex = 0; path = QGS.app; sourceTree = BUILT_PRODUCTS_DIR; };
		EBBC930E2C512EBB00F3C8CD /* QGSApp.swift */ = {isa = PBXFileReference; lastKnownFileType = sourcecode.swift; path = QGSApp.swift; sourceTree = "<group>"; };
		EBBC93122C512EBC00F3C8CD /* Assets.xcassets */ = {isa = PBXFileReference; lastKnownFileType = folder.assetcatalog; path = Assets.xcassets; sourceTree = "<group>"; };
		EBBC93152C512EBC00F3C8CD /* Preview Assets.xcassets */ = {isa = PBXFileReference; lastKnownFileType = folder.assetcatalog; path = "Preview Assets.xcassets"; sourceTree = "<group>"; };
		EBBC931B2C512EBC00F3C8CD /* QGSTests.xctest */ = {isa = PBXFileReference; explicitFileType = wrapper.cfbundle; includeInIndex = 0; path = QGSTests.xctest; sourceTree = BUILT_PRODUCTS_DIR; };
		EBBC931F2C512EBC00F3C8CD /* QGSTests.swift */ = {isa = PBXFileReference; lastKnownFileType = sourcecode.swift; path = QGSTests.swift; sourceTree = "<group>"; };
		EBBC93252C512EBC00F3C8CD /* QGSUITests.xctest */ = {isa = PBXFileReference; explicitFileType = wrapper.cfbundle; includeInIndex = 0; path = QGSUITests.xctest; sourceTree = BUILT_PRODUCTS_DIR; };
		EBBC93292C512EBC00F3C8CD /* QGSUITests.swift */ = {isa = PBXFileReference; lastKnownFileType = sourcecode.swift; path = QGSUITests.swift; sourceTree = "<group>"; };
		EBBC932B2C512EBC00F3C8CD /* QGSUITestsLaunchTests.swift */ = {isa = PBXFileReference; lastKnownFileType = sourcecode.swift; path = QGSUITestsLaunchTests.swift; sourceTree = "<group>"; };
		EBBC93382C51336400F3C8CD /* Colors.swift */ = {isa = PBXFileReference; lastKnownFileType = sourcecode.swift; path = Colors.swift; sourceTree = "<group>"; };
		EBBC933B2C515E9400F3C8CD /* Login.swift */ = {isa = PBXFileReference; lastKnownFileType = sourcecode.swift; path = Login.swift; sourceTree = "<group>"; };
		EBBC933E2C515FC100F3C8CD /* View+extensions.swift */ = {isa = PBXFileReference; lastKnownFileType = sourcecode.swift; path = "View+extensions.swift"; sourceTree = "<group>"; };
		EBBC93402C5161CD00F3C8CD /* CustomTF.swift */ = {isa = PBXFileReference; lastKnownFileType = sourcecode.swift; path = CustomTF.swift; sourceTree = "<group>"; };
		EBE614972C5AE4FA00197660 /* HomeRecord.swift */ = {isa = PBXFileReference; lastKnownFileType = sourcecode.swift; path = HomeRecord.swift; sourceTree = "<group>"; };
		EBE614992C5AFA5D00197660 /* LocationViewController.swift */ = {isa = PBXFileReference; lastKnownFileType = sourcecode.swift; path = LocationViewController.swift; sourceTree = "<group>"; };
		EBE6149B2C5AFC8300197660 /* Info.plist */ = {isa = PBXFileReference; lastKnownFileType = text.plist; path = Info.plist; sourceTree = "<group>"; };
		EBF9DF9C2CED8E1D002D7FA1 /* ListRecordDetails.swift */ = {isa = PBXFileReference; lastKnownFileType = sourcecode.swift; path = ListRecordDetails.swift; sourceTree = "<group>"; };
		EBF9DF9E2CED8E38002D7FA1 /* ListRecordTotals.swift */ = {isa = PBXFileReference; lastKnownFileType = sourcecode.swift; path = ListRecordTotals.swift; sourceTree = "<group>"; };
		EBF9DFA02CED8F1C002D7FA1 /* HeadSecondary.swift */ = {isa = PBXFileReference; lastKnownFileType = sourcecode.swift; path = HeadSecondary.swift; sourceTree = "<group>"; wrapsLines = 1; };
/* End PBXFileReference section */

/* Begin PBXFileSystemSynchronizedRootGroup section */
		EB345D242CF79E07001A62C8 /* Buttons */ = {isa = PBXFileSystemSynchronizedRootGroup; explicitFileTypes = {}; explicitFolders = (); path = Buttons; sourceTree = "<group>"; };
		EB345D922CFA11A4001A62C8 /* Interactor */ = {isa = PBXFileSystemSynchronizedRootGroup; explicitFileTypes = {}; explicitFolders = (); path = Interactor; sourceTree = "<group>"; };
		EB3665EC2D05F6B000810713 /* Manager */ = {isa = PBXFileSystemSynchronizedRootGroup; explicitFileTypes = {}; explicitFolders = (); path = Manager; sourceTree = "<group>"; };
		EB3665F52D07D7A200810713 /* ViewModel */ = {isa = PBXFileSystemSynchronizedRootGroup; explicitFileTypes = {}; explicitFolders = (); path = ViewModel; sourceTree = "<group>"; };
		EB44DB342CFE0F420070B827 /* UtilsLogin */ = {isa = PBXFileSystemSynchronizedRootGroup; explicitFileTypes = {}; explicitFolders = (); path = UtilsLogin; sourceTree = "<group>"; };
/* End PBXFileSystemSynchronizedRootGroup section */

/* Begin PBXFrameworksBuildPhase section */
		EBBC93082C512EBB00F3C8CD /* Frameworks */ = {
			isa = PBXFrameworksBuildPhase;
			buildActionMask = 2147483647;
			files = (
			);
			runOnlyForDeploymentPostprocessing = 0;
		};
		EBBC93182C512EBC00F3C8CD /* Frameworks */ = {
			isa = PBXFrameworksBuildPhase;
			buildActionMask = 2147483647;
			files = (
			);
			runOnlyForDeploymentPostprocessing = 0;
		};
		EBBC93222C512EBC00F3C8CD /* Frameworks */ = {
			isa = PBXFrameworksBuildPhase;
			buildActionMask = 2147483647;
			files = (
			);
			runOnlyForDeploymentPostprocessing = 0;
		};
/* End PBXFrameworksBuildPhase section */

/* Begin PBXGroup section */
		EB4B26B42C5998F80083397F /* Network */ = {
			isa = PBXGroup;
			children = (
				EB44DBA02D0309C20070B827 /* APIServiceRecord.swift */,
				EB44DB662CFF6D680070B827 /* NetworkListTotal.swift */,
				EB44DB5A2CFECF090070B827 /* DeviceLocations.swift */,
				EB44DB382CFE4D680070B827 /* NetworkListDetails.swift */,
				EB44DB2F2CFE00340070B827 /* NetworkManager.swift */,
				EB345D192CF74D9D001A62C8 /* Utils.swift */,
				EB6F03A12CEE171300190C0E /* Endpoints.swift */,
				EBE614992C5AFA5D00197660 /* LocationViewController.swift */,
			);
			path = Network;
			sourceTree = "<group>";
		};
		EB4B26B92C5AB10B0083397F /* Model */ = {
			isa = PBXGroup;
			children = (
				EB3665F52D07D7A200810713 /* ViewModel */,
				EB3665EC2D05F6B000810713 /* Manager */,
				EB44DB682CFF6EF80070B827 /* TotalWorkEntry.swift */,
				EB44DB642CFF42780070B827 /* Sysconf.swift */,
				EB44DB622CFF40BD0070B827 /* Project.swift */,
				EB44DB602CFF406C0070B827 /* Employee.swift */,
				EB3665FE2D08000600810713 /* EmployeeCodable.swift */,
				EB44DB5C2CFF3F290070B827 /* WorkEntryDetails.swift */,
				EB345D202CF781E7001A62C8 /* UserModel.swift */,
				EB345D152CF6A47B001A62C8 /* RecordModel.swift */,
				EB345D132CF4BC42001A62C8 /* ModalView.swift */,
			);
			path = Model;
			sourceTree = "<group>";
		};
		EB6D31C72CECCCC7000E02E7 /* UtilitRecords */ = {
			isa = PBXGroup;
			children = (
				EB345D242CF79E07001A62C8 /* Buttons */,
				EBF9DFA02CED8F1C002D7FA1 /* HeadSecondary.swift */,
				EB6D31C82CECCD17000E02E7 /* BoxGPS.swift */,
			);
			path = UtilitRecords;
			sourceTree = "<group>";
		};
		EBBC93022C512EBB00F3C8CD = {
			isa = PBXGroup;
			children = (
				EBBC930D2C512EBB00F3C8CD /* QGS */,
				EBBC931E2C512EBC00F3C8CD /* QGSTests */,
				EBBC93282C512EBC00F3C8CD /* QGSUITests */,
				EBBC930C2C512EBB00F3C8CD /* Products */,
			);
			sourceTree = "<group>";
		};
		EBBC930C2C512EBB00F3C8CD /* Products */ = {
			isa = PBXGroup;
			children = (
				EBBC930B2C512EBB00F3C8CD /* QGS.app */,
				EBBC931B2C512EBC00F3C8CD /* QGSTests.xctest */,
				EBBC93252C512EBC00F3C8CD /* QGSUITests.xctest */,
			);
			name = Products;
			sourceTree = "<group>";
		};
		EBBC930D2C512EBB00F3C8CD /* QGS */ = {
			isa = PBXGroup;
			children = (
				EB345D922CFA11A4001A62C8 /* Interactor */,
				EB4B26B92C5AB10B0083397F /* Model */,
				EB86403C2C66400A0072534E /* QGS.entitlements */,
				EBE6149B2C5AFC8300197660 /* Info.plist */,
				EB4B26B42C5998F80083397F /* Network */,
				EBBC933D2C515F9E00F3C8CD /* Helpers */,
				EBBC933A2C515E7E00F3C8CD /* View */,
				EBBC930E2C512EBB00F3C8CD /* QGSApp.swift */,
				EBBC93122C512EBC00F3C8CD /* Assets.xcassets */,
				EBBC93142C512EBC00F3C8CD /* Preview Content */,
				EBBC93382C51336400F3C8CD /* Colors.swift */,
				EB83A1B32C6BA23500E7D361 /* AppDelegate.swift */,
			);
			path = QGS;
			sourceTree = "<group>";
		};
		EBBC93142C512EBC00F3C8CD /* Preview Content */ = {
			isa = PBXGroup;
			children = (
				EBBC93152C512EBC00F3C8CD /* Preview Assets.xcassets */,
			);
			path = "Preview Content";
			sourceTree = "<group>";
		};
		EBBC931E2C512EBC00F3C8CD /* QGSTests */ = {
			isa = PBXGroup;
			children = (
				EBBC931F2C512EBC00F3C8CD /* QGSTests.swift */,
			);
			path = QGSTests;
			sourceTree = "<group>";
		};
		EBBC93282C512EBC00F3C8CD /* QGSUITests */ = {
			isa = PBXGroup;
			children = (
				EBBC93292C512EBC00F3C8CD /* QGSUITests.swift */,
				EBBC932B2C512EBC00F3C8CD /* QGSUITestsLaunchTests.swift */,
			);
			path = QGSUITests;
			sourceTree = "<group>";
		};
		EBBC933A2C515E7E00F3C8CD /* View */ = {
			isa = PBXGroup;
			children = (
				EB44DB342CFE0F420070B827 /* UtilsLogin */,
				EBF9DF9E2CED8E38002D7FA1 /* ListRecordTotals.swift */,
				EBF9DF9C2CED8E1D002D7FA1 /* ListRecordDetails.swift */,
				EB6D31C72CECCCC7000E02E7 /* UtilitRecords */,
				EBBC933B2C515E9400F3C8CD /* Login.swift */,
				EBE614972C5AE4FA00197660 /* HomeRecord.swift */,
			);
			path = View;
			sourceTree = "<group>";
		};
		EBBC933D2C515F9E00F3C8CD /* Helpers */ = {
			isa = PBXGroup;
			children = (
				EB3665F02D066DB600810713 /* Localizable.strings */,
				EB345D172CF6DB9F001A62C8 /* JsonServices.swift */,
				EBBC93402C5161CD00F3C8CD /* CustomTF.swift */,
				EBBC933E2C515FC100F3C8CD /* View+extensions.swift */,
				EB83A1532C6A6A3300E7D361 /* SplashView.swift */,
			);
			path = Helpers;
			sourceTree = "<group>";
		};
/* End PBXGroup section */

/* Begin PBXNativeTarget section */
		EBBC930A2C512EBB00F3C8CD /* QGS */ = {
			isa = PBXNativeTarget;
			buildConfigurationList = EBBC932F2C512EBC00F3C8CD /* Build configuration list for PBXNativeTarget "QGS" */;
			buildPhases = (
				EBBC93072C512EBB00F3C8CD /* Sources */,
				EBBC93082C512EBB00F3C8CD /* Frameworks */,
				EBBC93092C512EBB00F3C8CD /* Resources */,
			);
			buildRules = (
			);
			dependencies = (
			);
			fileSystemSynchronizedGroups = (
				EB345D242CF79E07001A62C8 /* Buttons */,
				EB345D922CFA11A4001A62C8 /* Interactor */,
				EB3665EC2D05F6B000810713 /* Manager */,
				EB3665F52D07D7A200810713 /* ViewModel */,
				EB44DB342CFE0F420070B827 /* UtilsLogin */,
			);
			name = QGS;
			packageProductDependencies = (
			);
			productName = QGS;
			productReference = EBBC930B2C512EBB00F3C8CD /* QGS.app */;
			productType = "com.apple.product-type.application";
		};
		EBBC931A2C512EBC00F3C8CD /* QGSTests */ = {
			isa = PBXNativeTarget;
			buildConfigurationList = EBBC93322C512EBC00F3C8CD /* Build configuration list for PBXNativeTarget "QGSTests" */;
			buildPhases = (
				EBBC93172C512EBC00F3C8CD /* Sources */,
				EBBC93182C512EBC00F3C8CD /* Frameworks */,
				EBBC93192C512EBC00F3C8CD /* Resources */,
			);
			buildRules = (
			);
			dependencies = (
				EBBC931D2C512EBC00F3C8CD /* PBXTargetDependency */,
			);
			name = QGSTests;
			productName = QGSTests;
			productReference = EBBC931B2C512EBC00F3C8CD /* QGSTests.xctest */;
			productType = "com.apple.product-type.bundle.unit-test";
		};
		EBBC93242C512EBC00F3C8CD /* QGSUITests */ = {
			isa = PBXNativeTarget;
			buildConfigurationList = EBBC93352C512EBC00F3C8CD /* Build configuration list for PBXNativeTarget "QGSUITests" */;
			buildPhases = (
				EBBC93212C512EBC00F3C8CD /* Sources */,
				EBBC93222C512EBC00F3C8CD /* Frameworks */,
				EBBC93232C512EBC00F3C8CD /* Resources */,
			);
			buildRules = (
			);
			dependencies = (
				EBBC93272C512EBC00F3C8CD /* PBXTargetDependency */,
			);
			name = QGSUITests;
			productName = QGSUITests;
			productReference = EBBC93252C512EBC00F3C8CD /* QGSUITests.xctest */;
			productType = "com.apple.product-type.bundle.ui-testing";
		};
/* End PBXNativeTarget section */

/* Begin PBXProject section */
		EBBC93032C512EBB00F3C8CD /* Project object */ = {
			isa = PBXProject;
			attributes = {
				BuildIndependentTargetsInParallel = 1;
				LastSwiftUpdateCheck = 1540;
				LastUpgradeCheck = 1610;
				TargetAttributes = {
					EBBC930A2C512EBB00F3C8CD = {
						CreatedOnToolsVersion = 15.4;
					};
					EBBC931A2C512EBC00F3C8CD = {
						CreatedOnToolsVersion = 15.4;
						TestTargetID = EBBC930A2C512EBB00F3C8CD;
					};
					EBBC93242C512EBC00F3C8CD = {
						CreatedOnToolsVersion = 15.4;
						TestTargetID = EBBC930A2C512EBB00F3C8CD;
					};
				};
			};
			buildConfigurationList = EBBC93062C512EBB00F3C8CD /* Build configuration list for PBXProject "QGS" */;
			compatibilityVersion = "Xcode 14.0";
			developmentRegion = en;
			hasScannedForEncodings = 0;
			knownRegions = (
				en,
				Base,
			);
			mainGroup = EBBC93022C512EBB00F3C8CD;
			packageReferences = (
			);
			productRefGroup = EBBC930C2C512EBB00F3C8CD /* Products */;
			projectDirPath = "";
			projectRoot = "";
			targets = (
				EBBC930A2C512EBB00F3C8CD /* QGS */,
				EBBC931A2C512EBC00F3C8CD /* QGSTests */,
				EBBC93242C512EBC00F3C8CD /* QGSUITests */,
			);
		};
/* End PBXProject section */

/* Begin PBXResourcesBuildPhase section */
		EBBC93092C512EBB00F3C8CD /* Resources */ = {
			isa = PBXResourcesBuildPhase;
			buildActionMask = 2147483647;
			files = (
				EBBC93162C512EBC00F3C8CD /* Preview Assets.xcassets in Resources */,
				EB3665F12D066DCE00810713 /* Localizable.strings in Resources */,
				EBBC93132C512EBC00F3C8CD /* Assets.xcassets in Resources */,
			);
			runOnlyForDeploymentPostprocessing = 0;
		};
		EBBC93192C512EBC00F3C8CD /* Resources */ = {
			isa = PBXResourcesBuildPhase;
			buildActionMask = 2147483647;
			files = (
			);
			runOnlyForDeploymentPostprocessing = 0;
		};
		EBBC93232C512EBC00F3C8CD /* Resources */ = {
			isa = PBXResourcesBuildPhase;
			buildActionMask = 2147483647;
			files = (
			);
			runOnlyForDeploymentPostprocessing = 0;
		};
/* End PBXResourcesBuildPhase section */

/* Begin PBXSourcesBuildPhase section */
		EBBC93072C512EBB00F3C8CD /* Sources */ = {
			isa = PBXSourcesBuildPhase;
			buildActionMask = 2147483647;
			files = (
				EB44DB302CFE00410070B827 /* NetworkManager.swift in Sources */,
				EBBC93392C51336400F3C8CD /* Colors.swift in Sources */,
				EB44DB392CFE4D800070B827 /* NetworkListDetails.swift in Sources */,
				EB6D31C92CECCD17000E02E7 /* BoxGPS.swift in Sources */,
				EBE614982C5AE4FA00197660 /* HomeRecord.swift in Sources */,
				EB44DB612CFF40730070B827 /* Employee.swift in Sources */,
				EB44DBA12D0309C50070B827 /* APIServiceRecord.swift in Sources */,
				EBF9DFA12CED8F2F002D7FA1 /* HeadSecondary.swift in Sources */,
				EBE6149A2C5AFA5D00197660 /* LocationViewController.swift in Sources */,
				EB345D182CF6DBB1001A62C8 /* JsonServices.swift in Sources */,
				EB345D1A2CF74DA8001A62C8 /* Utils.swift in Sources */,
				EBBC93412C5161CD00F3C8CD /* CustomTF.swift in Sources */,
				EBBC930F2C512EBB00F3C8CD /* QGSApp.swift in Sources */,
				EB44DB5B2CFECF170070B827 /* DeviceLocations.swift in Sources */,
				EB44DB652CFF427F0070B827 /* Sysconf.swift in Sources */,
				EBBC933C2C515E9400F3C8CD /* Login.swift in Sources */,
				EB44DB692CFF6F080070B827 /* TotalWorkEntry.swift in Sources */,
				EB6F03A22CEE172500190C0E /* Endpoints.swift in Sources */,
				EBF9DF9F2CED8E4C002D7FA1 /* ListRecordTotals.swift in Sources */,
				EB345D142CF4BC42001A62C8 /* ModalView.swift in Sources */,
				EB83A1B42C6BA23500E7D361 /* AppDelegate.swift in Sources */,
				EBBC933F2C515FC100F3C8CD /* View+extensions.swift in Sources */,
				EBF9DF9D2CED8E30002D7FA1 /* ListRecordDetails.swift in Sources */,
				EB345D212CF781ED001A62C8 /* UserModel.swift in Sources */,
				EB44DB5D2CFF3F3D0070B827 /* WorkEntryDetails.swift in Sources */,
				EB345D162CF6A493001A62C8 /* RecordModel.swift in Sources */,
				EB44DB672CFF6D680070B827 /* NetworkListTotal.swift in Sources */,
				EB83A1542C6A6A3300E7D361 /* SplashView.swift in Sources */,
				EB3665FF2D08000600810713 /* EmployeeCodable.swift in Sources */,
				EB44DB632CFF40C20070B827 /* Project.swift in Sources */,
			);
			runOnlyForDeploymentPostprocessing = 0;
		};
		EBBC93172C512EBC00F3C8CD /* Sources */ = {
			isa = PBXSourcesBuildPhase;
			buildActionMask = 2147483647;
			files = (
				EBBC93202C512EBC00F3C8CD /* QGSTests.swift in Sources */,
			);
			runOnlyForDeploymentPostprocessing = 0;
		};
		EBBC93212C512EBC00F3C8CD /* Sources */ = {
			isa = PBXSourcesBuildPhase;
			buildActionMask = 2147483647;
			files = (
				EBBC932C2C512EBC00F3C8CD /* QGSUITestsLaunchTests.swift in Sources */,
				EBBC932A2C512EBC00F3C8CD /* QGSUITests.swift in Sources */,
			);
			runOnlyForDeploymentPostprocessing = 0;
		};
/* End PBXSourcesBuildPhase section */

/* Begin PBXTargetDependency section */
		EBBC931D2C512EBC00F3C8CD /* PBXTargetDependency */ = {
			isa = PBXTargetDependency;
			target = EBBC930A2C512EBB00F3C8CD /* QGS */;
			targetProxy = EBBC931C2C512EBC00F3C8CD /* PBXContainerItemProxy */;
		};
		EBBC93272C512EBC00F3C8CD /* PBXTargetDependency */ = {
			isa = PBXTargetDependency;
			target = EBBC930A2C512EBB00F3C8CD /* QGS */;
			targetProxy = EBBC93262C512EBC00F3C8CD /* PBXContainerItemProxy */;
		};
/* End PBXTargetDependency section */

/* Begin XCBuildConfiguration section */
		EBBC932D2C512EBC00F3C8CD /* Debug */ = {
			isa = XCBuildConfiguration;
			buildSettings = {
				ALWAYS_SEARCH_USER_PATHS = NO;
				ASSETCATALOG_COMPILER_GENERATE_SWIFT_ASSET_SYMBOL_EXTENSIONS = YES;
				CLANG_ANALYZER_NONNULL = YES;
				CLANG_ANALYZER_NUMBER_OBJECT_CONVERSION = YES_AGGRESSIVE;
				CLANG_CXX_LANGUAGE_STANDARD = "gnu++20";
				CLANG_ENABLE_MODULES = YES;
				CLANG_ENABLE_OBJC_ARC = YES;
				CLANG_ENABLE_OBJC_WEAK = YES;
				CLANG_WARN_BLOCK_CAPTURE_AUTORELEASING = YES;
				CLANG_WARN_BOOL_CONVERSION = YES;
				CLANG_WARN_COMMA = YES;
				CLANG_WARN_CONSTANT_CONVERSION = YES;
				CLANG_WARN_DEPRECATED_OBJC_IMPLEMENTATIONS = YES;
				CLANG_WARN_DIRECT_OBJC_ISA_USAGE = YES_ERROR;
				CLANG_WARN_DOCUMENTATION_COMMENTS = YES;
				CLANG_WARN_EMPTY_BODY = YES;
				CLANG_WARN_ENUM_CONVERSION = YES;
				CLANG_WARN_INFINITE_RECURSION = YES;
				CLANG_WARN_INT_CONVERSION = YES;
				CLANG_WARN_NON_LITERAL_NULL_CONVERSION = YES;
				CLANG_WARN_OBJC_IMPLICIT_RETAIN_SELF = YES;
				CLANG_WARN_OBJC_LITERAL_CONVERSION = YES;
				CLANG_WARN_OBJC_ROOT_CLASS = YES_ERROR;
				CLANG_WARN_QUOTED_INCLUDE_IN_FRAMEWORK_HEADER = YES;
				CLANG_WARN_RANGE_LOOP_ANALYSIS = YES;
				CLANG_WARN_STRICT_PROTOTYPES = YES;
				CLANG_WARN_SUSPICIOUS_MOVE = YES;
				CLANG_WARN_UNGUARDED_AVAILABILITY = YES_AGGRESSIVE;
				CLANG_WARN_UNREACHABLE_CODE = YES;
				CLANG_WARN__DUPLICATE_METHOD_MATCH = YES;
				COPY_PHASE_STRIP = NO;
				DEBUG_INFORMATION_FORMAT = dwarf;
				ENABLE_STRICT_OBJC_MSGSEND = YES;
				ENABLE_TESTABILITY = YES;
				ENABLE_USER_SCRIPT_SANDBOXING = YES;
				GCC_C_LANGUAGE_STANDARD = gnu17;
				GCC_DYNAMIC_NO_PIC = NO;
				GCC_NO_COMMON_BLOCKS = YES;
				GCC_OPTIMIZATION_LEVEL = 0;
				GCC_PREPROCESSOR_DEFINITIONS = (
					"DEBUG=1",
					"$(inherited)",
				);
				GCC_WARN_64_TO_32_BIT_CONVERSION = YES;
				GCC_WARN_ABOUT_RETURN_TYPE = YES_ERROR;
				GCC_WARN_UNDECLARED_SELECTOR = YES;
				GCC_WARN_UNINITIALIZED_AUTOS = YES_AGGRESSIVE;
				GCC_WARN_UNUSED_FUNCTION = YES;
				GCC_WARN_UNUSED_VARIABLE = YES;
				IPHONEOS_DEPLOYMENT_TARGET = 17.5;
				LOCALIZATION_PREFERS_STRING_CATALOGS = YES;
				MTL_ENABLE_DEBUG_INFO = INCLUDE_SOURCE;
				MTL_FAST_MATH = YES;
				ONLY_ACTIVE_ARCH = YES;
				SDKROOT = iphoneos;
				SWIFT_ACTIVE_COMPILATION_CONDITIONS = "DEBUG $(inherited)";
				SWIFT_OPTIMIZATION_LEVEL = "-Onone";
			};
			name = Debug;
		};
		EBBC932E2C512EBC00F3C8CD /* Release */ = {
			isa = XCBuildConfiguration;
			buildSettings = {
				ALWAYS_SEARCH_USER_PATHS = NO;
				ASSETCATALOG_COMPILER_GENERATE_SWIFT_ASSET_SYMBOL_EXTENSIONS = YES;
				CLANG_ANALYZER_NONNULL = YES;
				CLANG_ANALYZER_NUMBER_OBJECT_CONVERSION = YES_AGGRESSIVE;
				CLANG_CXX_LANGUAGE_STANDARD = "gnu++20";
				CLANG_ENABLE_MODULES = YES;
				CLANG_ENABLE_OBJC_ARC = YES;
				CLANG_ENABLE_OBJC_WEAK = YES;
				CLANG_WARN_BLOCK_CAPTURE_AUTORELEASING = YES;
				CLANG_WARN_BOOL_CONVERSION = YES;
				CLANG_WARN_COMMA = YES;
				CLANG_WARN_CONSTANT_CONVERSION = YES;
				CLANG_WARN_DEPRECATED_OBJC_IMPLEMENTATIONS = YES;
				CLANG_WARN_DIRECT_OBJC_ISA_USAGE = YES_ERROR;
				CLANG_WARN_DOCUMENTATION_COMMENTS = YES;
				CLANG_WARN_EMPTY_BODY = YES;
				CLANG_WARN_ENUM_CONVERSION = YES;
				CLANG_WARN_INFINITE_RECURSION = YES;
				CLANG_WARN_INT_CONVERSION = YES;
				CLANG_WARN_NON_LITERAL_NULL_CONVERSION = YES;
				CLANG_WARN_OBJC_IMPLICIT_RETAIN_SELF = YES;
				CLANG_WARN_OBJC_LITERAL_CONVERSION = YES;
				CLANG_WARN_OBJC_ROOT_CLASS = YES_ERROR;
				CLANG_WARN_QUOTED_INCLUDE_IN_FRAMEWORK_HEADER = YES;
				CLANG_WARN_RANGE_LOOP_ANALYSIS = YES;
				CLANG_WARN_STRICT_PROTOTYPES = YES;
				CLANG_WARN_SUSPICIOUS_MOVE = YES;
				CLANG_WARN_UNGUARDED_AVAILABILITY = YES_AGGRESSIVE;
				CLANG_WARN_UNREACHABLE_CODE = YES;
				CLANG_WARN__DUPLICATE_METHOD_MATCH = YES;
				COPY_PHASE_STRIP = NO;
				DEBUG_INFORMATION_FORMAT = "dwarf-with-dsym";
				ENABLE_NS_ASSERTIONS = NO;
				ENABLE_STRICT_OBJC_MSGSEND = YES;
				ENABLE_USER_SCRIPT_SANDBOXING = YES;
				GCC_C_LANGUAGE_STANDARD = gnu17;
				GCC_NO_COMMON_BLOCKS = YES;
				GCC_WARN_64_TO_32_BIT_CONVERSION = YES;
				GCC_WARN_ABOUT_RETURN_TYPE = YES_ERROR;
				GCC_WARN_UNDECLARED_SELECTOR = YES;
				GCC_WARN_UNINITIALIZED_AUTOS = YES_AGGRESSIVE;
				GCC_WARN_UNUSED_FUNCTION = YES;
				GCC_WARN_UNUSED_VARIABLE = YES;
				IPHONEOS_DEPLOYMENT_TARGET = 17.5;
				LOCALIZATION_PREFERS_STRING_CATALOGS = YES;
				MTL_ENABLE_DEBUG_INFO = NO;
				MTL_FAST_MATH = YES;
				ONLY_ACTIVE_ARCH = NO;
				SDKROOT = iphoneos;
				SWIFT_COMPILATION_MODE = wholemodule;
				VALIDATE_PRODUCT = YES;
			};
			name = Release;
		};
		EBBC93302C512EBC00F3C8CD /* Debug */ = {
			isa = XCBuildConfiguration;
			buildSettings = {
				ASSETCATALOG_COMPILER_APPICON_NAME = AppIcon;
				ASSETCATALOG_COMPILER_GLOBAL_ACCENT_COLOR_NAME = AccentColor;
				ASSETCATALOG_COMPILER_INCLUDE_ALL_APPICON_ASSETS = NO;
				CODE_SIGN_ENTITLEMENTS = QGS/QGS.entitlements;
				CODE_SIGN_IDENTITY = "Apple Development";
				CODE_SIGN_STYLE = Automatic;
				CURRENT_PROJECT_VERSION = 5;
				DEVELOPMENT_ASSET_PATHS = "\"QGS/Preview Content\"";
				DEVELOPMENT_TEAM = V4NNXT68SN;
				ENABLE_PREVIEWS = YES;
				GENERATE_INFOPLIST_FILE = YES;
				INFOPLIST_FILE = QGS/Info.plist;
				INFOPLIST_KEY_LSApplicationCategoryType = "public.app-category.productivity";
				INFOPLIST_KEY_NSLocationAlwaysAndWhenInUseUsageDescription = "Usaremos tu ubicacion para el registro entrada y salida del trabajo";
				INFOPLIST_KEY_NSLocationWhenInUseUsageDescription = "Usaremos tu ubicacion para el registro entrada y salida del trabajo";
				INFOPLIST_KEY_UIApplicationSceneManifest_Generation = YES;
				INFOPLIST_KEY_UIApplicationSupportsIndirectInputEvents = YES;
				INFOPLIST_KEY_UILaunchScreen_Generation = YES;
				INFOPLIST_KEY_UIStatusBarStyle = "";
				INFOPLIST_KEY_UISupportedInterfaceOrientations = UIInterfaceOrientationPortrait;
				INFOPLIST_KEY_WKRunsIndependentlyOfCompanionApp = YES;
				IPHONEOS_DEPLOYMENT_TARGET = 17.6;
				LD_RUNPATH_SEARCH_PATHS = (
					"$(inherited)",
					"@executable_path/Frameworks",
				);
				MARKETING_VERSION = 1.1.4;
				PRODUCT_BUNDLE_IDENTIFIER = com.friendlysystemgroup.CheckInQGS;
				PRODUCT_NAME = "$(TARGET_NAME)";
				PROVISIONING_PROFILE_SPECIFIER = "";
				SUPPORTED_PLATFORMS = "iphoneos iphonesimulator";
				SUPPORTS_MACCATALYST = NO;
				SUPPORTS_MAC_DESIGNED_FOR_IPHONE_IPAD = NO;
				SUPPORTS_XR_DESIGNED_FOR_IPHONE_IPAD = NO;
				SWIFT_EMIT_LOC_STRINGS = YES;
				SWIFT_VERSION = 5.0;
				TARGETED_DEVICE_FAMILY = 1;
			};
			name = Debug;
		};
		EBBC93312C512EBC00F3C8CD /* Release */ = {
			isa = XCBuildConfiguration;
			buildSettings = {
				ASSETCATALOG_COMPILER_APPICON_NAME = AppIcon;
				ASSETCATALOG_COMPILER_GLOBAL_ACCENT_COLOR_NAME = AccentColor;
				ASSETCATALOG_COMPILER_INCLUDE_ALL_APPICON_ASSETS = NO;
				CODE_SIGN_ENTITLEMENTS = QGS/QGS.entitlements;
				CODE_SIGN_IDENTITY = "Apple Development";
				CODE_SIGN_STYLE = Automatic;
				CURRENT_PROJECT_VERSION = 5;
				DEVELOPMENT_ASSET_PATHS = "\"QGS/Preview Content\"";
				DEVELOPMENT_TEAM = V4NNXT68SN;
				ENABLE_PREVIEWS = YES;
				GENERATE_INFOPLIST_FILE = YES;
				INFOPLIST_FILE = QGS/Info.plist;
				INFOPLIST_KEY_LSApplicationCategoryType = "public.app-category.productivity";
				INFOPLIST_KEY_NSLocationAlwaysAndWhenInUseUsageDescription = "Usaremos tu ubicacion para el registro entrada y salida del trabajo";
				INFOPLIST_KEY_NSLocationWhenInUseUsageDescription = "Usaremos tu ubicacion para el registro entrada y salida del trabajo";
				INFOPLIST_KEY_UIApplicationSceneManifest_Generation = YES;
				INFOPLIST_KEY_UIApplicationSupportsIndirectInputEvents = YES;
				INFOPLIST_KEY_UILaunchScreen_Generation = YES;
				INFOPLIST_KEY_UIStatusBarStyle = "";
				INFOPLIST_KEY_UISupportedInterfaceOrientations = UIInterfaceOrientationPortrait;
				INFOPLIST_KEY_WKRunsIndependentlyOfCompanionApp = YES;
				IPHONEOS_DEPLOYMENT_TARGET = 17.6;
				LD_RUNPATH_SEARCH_PATHS = (
					"$(inherited)",
					"@executable_path/Frameworks",
				);
				MARKETING_VERSION = 1.1.4;
				PRODUCT_BUNDLE_IDENTIFIER = com.friendlysystemgroup.CheckInQGS;
				PRODUCT_NAME = "$(TARGET_NAME)";
				PROVISIONING_PROFILE_SPECIFIER = "";
				SUPPORTED_PLATFORMS = "iphoneos iphonesimulator";
				SUPPORTS_MACCATALYST = NO;
				SUPPORTS_MAC_DESIGNED_FOR_IPHONE_IPAD = NO;
				SUPPORTS_XR_DESIGNED_FOR_IPHONE_IPAD = NO;
				SWIFT_EMIT_LOC_STRINGS = YES;
				SWIFT_VERSION = 5.0;
				TARGETED_DEVICE_FAMILY = 1;
			};
			name = Release;
		};
		EBBC93332C512EBC00F3C8CD /* Debug */ = {
			isa = XCBuildConfiguration;
			buildSettings = {
				BUNDLE_LOADER = "$(TEST_HOST)";
				"CODE_SIGN_IDENTITY[sdk=iphoneos*]" = "iPhone Developer";
				"CODE_SIGN_IDENTITY[sdk=macosx*]" = "Apple Development";
				CODE_SIGN_STYLE = Manual;
				CURRENT_PROJECT_VERSION = 1;
				DEVELOPMENT_TEAM = "";
				"DEVELOPMENT_TEAM[sdk=iphoneos*]" = Y6VX3B6HKP;
				"DEVELOPMENT_TEAM[sdk=macosx*]" = Y6VX3B6HKP;
				GENERATE_INFOPLIST_FILE = YES;
				IPHONEOS_DEPLOYMENT_TARGET = 17.5;
				MARKETING_VERSION = 1.0;
				PRODUCT_BUNDLE_IDENTIFIER = com.friendlysystemgroup.QGSCheckInTests1;
				"PRODUCT_BUNDLE_IDENTIFIER[sdk=iphoneos*]" = om.friendlysystemgroup.QGSCheckInTests1;
				"PRODUCT_BUNDLE_IDENTIFIER[sdk=macosx*]" = om.friendlysystemgroup.QGSCheckInTests1;
				PRODUCT_NAME = "$(TARGET_NAME)";
				PROVISIONING_PROFILE_SPECIFIER = "";
				SWIFT_EMIT_LOC_STRINGS = NO;
				SWIFT_VERSION = 5.0;
				TARGETED_DEVICE_FAMILY = "1,2";
				TEST_HOST = "$(BUILT_PRODUCTS_DIR)/QGS.app/$(BUNDLE_EXECUTABLE_FOLDER_PATH)/QGS";
			};
			name = Debug;
		};
		EBBC93342C512EBC00F3C8CD /* Release */ = {
			isa = XCBuildConfiguration;
			buildSettings = {
				BUNDLE_LOADER = "$(TEST_HOST)";
				CODE_SIGN_STYLE = Manual;
				CURRENT_PROJECT_VERSION = 1;
				DEVELOPMENT_TEAM = "";
				"DEVELOPMENT_TEAM[sdk=iphoneos*]" = 8GH8HVSH94;
				"DEVELOPMENT_TEAM[sdk=macosx*]" = 8GH8HVSH94;
				GENERATE_INFOPLIST_FILE = YES;
				IPHONEOS_DEPLOYMENT_TARGET = 17.5;
				MARKETING_VERSION = 1.0;
				PRODUCT_BUNDLE_IDENTIFIER = com.friendlysystemgroup.QGSCheckInTests1;
				"PRODUCT_BUNDLE_IDENTIFIER[sdk=iphoneos*]" = om.friendlysystemgroup.QGSCheckInTests1;
				"PRODUCT_BUNDLE_IDENTIFIER[sdk=macosx*]" = om.friendlysystemgroup.QGSCheckInTests1;
				PRODUCT_NAME = "$(TARGET_NAME)";
				PROVISIONING_PROFILE_SPECIFIER = "";
				SWIFT_EMIT_LOC_STRINGS = NO;
				SWIFT_VERSION = 5.0;
				TARGETED_DEVICE_FAMILY = "1,2";
				TEST_HOST = "$(BUILT_PRODUCTS_DIR)/QGS.app/$(BUNDLE_EXECUTABLE_FOLDER_PATH)/QGS";
			};
			name = Release;
		};
		EBBC93362C512EBC00F3C8CD /* Debug */ = {
			isa = XCBuildConfiguration;
			buildSettings = {
				"CODE_SIGN_IDENTITY[sdk=macosx*]" = "Apple Development";
				CODE_SIGN_STYLE = Automatic;
				CURRENT_PROJECT_VERSION = 1;
				DEVELOPMENT_TEAM = Y6VX3B6HKP;
				GENERATE_INFOPLIST_FILE = YES;
				MARKETING_VERSION = 1.0;
				PRODUCT_BUNDLE_IDENTIFIER = com.friendlysystemgroup.QGSCheckInUITests;
				PRODUCT_NAME = "$(TARGET_NAME)";
				SWIFT_EMIT_LOC_STRINGS = NO;
				SWIFT_VERSION = 5.0;
				TARGETED_DEVICE_FAMILY = "1,2";
				TEST_TARGET_NAME = QGS;
			};
			name = Debug;
		};
		EBBC93372C512EBC00F3C8CD /* Release */ = {
			isa = XCBuildConfiguration;
			buildSettings = {
				"CODE_SIGN_IDENTITY[sdk=macosx*]" = "Apple Development";
				CODE_SIGN_STYLE = Automatic;
				CURRENT_PROJECT_VERSION = 1;
				DEVELOPMENT_TEAM = 8GH8HVSH94;
				GENERATE_INFOPLIST_FILE = YES;
				MARKETING_VERSION = 1.0;
				PRODUCT_BUNDLE_IDENTIFIER = com.friendlysystemgroup.QGSCheckInUITests;
				PRODUCT_NAME = "$(TARGET_NAME)";
				SWIFT_EMIT_LOC_STRINGS = NO;
				SWIFT_VERSION = 5.0;
				TARGETED_DEVICE_FAMILY = "1,2";
				TEST_TARGET_NAME = QGS;
			};
			name = Release;
		};
/* End XCBuildConfiguration section */

/* Begin XCConfigurationList section */
		EBBC93062C512EBB00F3C8CD /* Build configuration list for PBXProject "QGS" */ = {
			isa = XCConfigurationList;
			buildConfigurations = (
				EBBC932D2C512EBC00F3C8CD /* Debug */,
				EBBC932E2C512EBC00F3C8CD /* Release */,
			);
			defaultConfigurationIsVisible = 0;
			defaultConfigurationName = Release;
		};
		EBBC932F2C512EBC00F3C8CD /* Build configuration list for PBXNativeTarget "QGS" */ = {
			isa = XCConfigurationList;
			buildConfigurations = (
				EBBC93302C512EBC00F3C8CD /* Debug */,
				EBBC93312C512EBC00F3C8CD /* Release */,
			);
			defaultConfigurationIsVisible = 0;
			defaultConfigurationName = Release;
		};
		EBBC93322C512EBC00F3C8CD /* Build configuration list for PBXNativeTarget "QGSTests" */ = {
			isa = XCConfigurationList;
			buildConfigurations = (
				EBBC93332C512EBC00F3C8CD /* Debug */,
				EBBC93342C512EBC00F3C8CD /* Release */,
			);
			defaultConfigurationIsVisible = 0;
			defaultConfigurationName = Release;
		};
		EBBC93352C512EBC00F3C8CD /* Build configuration list for PBXNativeTarget "QGSUITests" */ = {
			isa = XCConfigurationList;
			buildConfigurations = (
				EBBC93362C512EBC00F3C8CD /* Debug */,
				EBBC93372C512EBC00F3C8CD /* Release */,
			);
			defaultConfigurationIsVisible = 0;
			defaultConfigurationName = Release;
		};
/* End XCConfigurationList section */
	};
	rootObject = EBBC93032C512EBB00F3C8CD /* Project object */;
}
